
Microsoft Visual Studio Solution File, Format Version 10.00
# Visual Studio 2008
Project("{8BC9CEB8-8B4A-11D0-8D11-00A0C91BC942}") = "hardlinkext", "hardlinkext\hardlinkext.vcproj", "{3C1962A1-10AA-4D7C-B59A-D29CA5EB387D}"
	ProjectSection(ProjectDependencies) = postProject
		{32D8ADF6-C40E-45E1-8AD6-D4DFE4F1D9AB} = {32D8ADF6-C40E-45E1-8AD6-D4DFE4F1D9AB}
	EndProjectSection
EndProject
Project("{8BC9CEB8-8B4A-11D0-8D11-00A0C91BC942}") = "stdext", "..\jcvos\stdext\stdext.vcproj", "{32D8ADF6-C40E-45E1-8AD6-D4DFE4F1D9AB}"
EndProject
Project("{8BC9CEB8-8B4A-11D0-8D11-00A0C91BC942}") = "hard_link_check", "hard_link_check\hard_link_check.vcproj", "{5B0E3B08-1453-4900-9D0D-5312FB490114}"
	ProjectSection(ProjectDependencies) = postProject
		{00EA8059-4E82-4EE0-9C41-8BD174ED12B9} = {00EA8059-4E82-4EE0-9C41-8BD174ED12B9}
		{86F54075-BC39-43A9-9AB6-2E10F69CED3A} = {86F54075-BC39-43A9-9AB6-2E10F69CED3A}
		{32D8ADF6-C40E-45E1-8AD6-D4DFE4F1D9AB} = {32D8ADF6-C40E-45E1-8AD6-D4DFE4F1D9AB}
	EndProjectSection
EndProject
Project("{8BC9CEB8-8B4A-11D0-8D11-00A0C91BC942}") = "jcapp", "..\jcvos\jcapp\jcapp.vcproj", "{86F54075-BC39-43A9-9AB6-2E10F69CED3A}"
EndProject
Project("{8BC9CEB8-8B4A-11D0-8D11-00A0C91BC942}") = "jcparam", "..\jcvos\jcparam\jcparam.vcproj", "{00EA8059-4E82-4EE0-9C41-8BD174ED12B9}"
EndProject
Global
	GlobalSection(SolutionConfigurationPlatforms) = preSolution
		DEBUG_DYNAMIC_MFC|Win32 = DEBUG_DYNAMIC_MFC|Win32
		DEBUG_STATIC_MFC|Win32 = DEBUG_STATIC_MFC|Win32
		DEBUG_WINAPI|Win32 = DEBUG_WINAPI|Win32
		Debug|Win32 = Debug|Win32
		RELEASE_DYNAMIC_MFC|Win32 = RELEASE_DYNAMIC_MFC|Win32
		RELEASE_STATIC_MFC|Win32 = RELEASE_STATIC_MFC|Win32
		Release|Win32 = Release|Win32
	EndGlobalSection
	GlobalSection(ProjectConfigurationPlatforms) = postSolution
		{3C1962A1-10AA-4D7C-B59A-D29CA5EB387D}.DEBUG_DYNAMIC_MFC|Win32.ActiveCfg = Debug|Win32
		{3C1962A1-10AA-4D7C-B59A-D29CA5EB387D}.DEBUG_DYNAMIC_MFC|Win32.Build.0 = Debug|Win32
		{3C1962A1-10AA-4D7C-B59A-D29CA5EB387D}.DEBUG_STATIC_MFC|Win32.ActiveCfg = Debug|Win32
		{3C1962A1-10AA-4D7C-B59A-D29CA5EB387D}.DEBUG_STATIC_MFC|Win32.Build.0 = Debug|Win32
		{3C1962A1-10AA-4D7C-B59A-D29CA5EB387D}.DEBUG_WINAPI|Win32.ActiveCfg = Debug|Win32
		{3C1962A1-10AA-4D7C-B59A-D29CA5EB387D}.DEBUG_WINAPI|Win32.Build.0 = Debug|Win32
		{3C1962A1-10AA-4D7C-B59A-D29CA5EB387D}.Debug|Win32.ActiveCfg = Debug|Win32
		{3C1962A1-10AA-4D7C-B59A-D29CA5EB387D}.Debug|Win32.Build.0 = Debug|Win32
		{3C1962A1-10AA-4D7C-B59A-D29CA5EB387D}.RELEASE_DYNAMIC_MFC|Win32.ActiveCfg = Release|Win32
		{3C1962A1-10AA-4D7C-B59A-D29CA5EB387D}.RELEASE_DYNAMIC_MFC|Win32.Build.0 = Release|Win32
		{3C1962A1-10AA-4D7C-B59A-D29CA5EB387D}.RELEASE_STATIC_MFC|Win32.ActiveCfg = Release|Win32
		{3C1962A1-10AA-4D7C-B59A-D29CA5EB387D}.RELEASE_STATIC_MFC|Win32.Build.0 = Release|Win32
		{3C1962A1-10AA-4D7C-B59A-D29CA5EB387D}.Release|Win32.ActiveCfg = Release|Win32
		{3C1962A1-10AA-4D7C-B59A-D29CA5EB387D}.Release|Win32.Build.0 = Release|Win32
		{32D8ADF6-C40E-45E1-8AD6-D4DFE4F1D9AB}.DEBUG_DYNAMIC_MFC|Win32.ActiveCfg = DEBUG_DYNAMIC_MFC|Win32
		{32D8ADF6-C40E-45E1-8AD6-D4DFE4F1D9AB}.DEBUG_DYNAMIC_MFC|Win32.Build.0 = DEBUG_DYNAMIC_MFC|Win32
		{32D8ADF6-C40E-45E1-8AD6-D4DFE4F1D9AB}.DEBUG_STATIC_MFC|Win32.ActiveCfg = DEBUG_STATIC_MFC|Win32
		{32D8ADF6-C40E-45E1-8AD6-D4DFE4F1D9AB}.DEBUG_STATIC_MFC|Win32.Build.0 = DEBUG_STATIC_MFC|Win32
		{32D8ADF6-C40E-45E1-8AD6-D4DFE4F1D9AB}.DEBUG_WINAPI|Win32.ActiveCfg = DEBUG_WINAPI|Win32
		{32D8ADF6-C40E-45E1-8AD6-D4DFE4F1D9AB}.DEBUG_WINAPI|Win32.Build.0 = DEBUG_WINAPI|Win32
		{32D8ADF6-C40E-45E1-8AD6-D4DFE4F1D9AB}.Debug|Win32.ActiveCfg = Debug|Win32
		{32D8ADF6-C40E-45E1-8AD6-D4DFE4F1D9AB}.Debug|Win32.Build.0 = Debug|Win32
		{32D8ADF6-C40E-45E1-8AD6-D4DFE4F1D9AB}.RELEASE_DYNAMIC_MFC|Win32.ActiveCfg = RELEASE_DYNAMIC_MFC|Win32
		{32D8ADF6-C40E-45E1-8AD6-D4DFE4F1D9AB}.RELEASE_DYNAMIC_MFC|Win32.Build.0 = RELEASE_DYNAMIC_MFC|Win32
		{32D8ADF6-C40E-45E1-8AD6-D4DFE4F1D9AB}.RELEASE_STATIC_MFC|Win32.ActiveCfg = RELEASE_STATIC_MFC|Win32
		{32D8ADF6-C40E-45E1-8AD6-D4DFE4F1D9AB}.RELEASE_STATIC_MFC|Win32.Build.0 = RELEASE_STATIC_MFC|Win32
		{32D8ADF6-C40E-45E1-8AD6-D4DFE4F1D9AB}.Release|Win32.ActiveCfg = Release|Win32
		{32D8ADF6-C40E-45E1-8AD6-D4DFE4F1D9AB}.Release|Win32.Build.0 = Release|Win32
		{5B0E3B08-1453-4900-9D0D-5312FB490114}.DEBUG_DYNAMIC_MFC|Win32.ActiveCfg = DEBUG_STATIC_MFC|Win32
		{5B0E3B08-1453-4900-9D0D-5312FB490114}.DEBUG_DYNAMIC_MFC|Win32.Build.0 = DEBUG_STATIC_MFC|Win32
		{5B0E3B08-1453-4900-9D0D-5312FB490114}.DEBUG_STATIC_MFC|Win32.ActiveCfg = DEBUG_STATIC_MFC|Win32
		{5B0E3B08-1453-4900-9D0D-5312FB490114}.DEBUG_STATIC_MFC|Win32.Build.0 = DEBUG_STATIC_MFC|Win32
		{5B0E3B08-1453-4900-9D0D-5312FB490114}.DEBUG_WINAPI|Win32.ActiveCfg = DEBUG_STATIC_MFC|Win32
		{5B0E3B08-1453-4900-9D0D-5312FB490114}.DEBUG_WINAPI|Win32.Build.0 = DEBUG_STATIC_MFC|Win32
		{5B0E3B08-1453-4900-9D0D-5312FB490114}.Debug|Win32.ActiveCfg = DEBUG_STATIC_MFC|Win32
		{5B0E3B08-1453-4900-9D0D-5312FB490114}.Debug|Win32.Build.0 = DEBUG_STATIC_MFC|Win32
		{5B0E3B08-1453-4900-9D0D-5312FB490114}.RELEASE_DYNAMIC_MFC|Win32.ActiveCfg = RELEASE_STATIC_MFC|Win32
		{5B0E3B08-1453-4900-9D0D-5312FB490114}.RELEASE_DYNAMIC_MFC|Win32.Build.0 = RELEASE_STATIC_MFC|Win32
		{5B0E3B08-1453-4900-9D0D-5312FB490114}.RELEASE_STATIC_MFC|Win32.ActiveCfg = RELEASE_STATIC_MFC|Win32
		{5B0E3B08-1453-4900-9D0D-5312FB490114}.RELEASE_STATIC_MFC|Win32.Build.0 = RELEASE_STATIC_MFC|Win32
		{5B0E3B08-1453-4900-9D0D-5312FB490114}.Release|Win32.ActiveCfg = RELEASE_STATIC_MFC|Win32
		{5B0E3B08-1453-4900-9D0D-5312FB490114}.Release|Win32.Build.0 = RELEASE_STATIC_MFC|Win32
		{86F54075-BC39-43A9-9AB6-2E10F69CED3A}.DEBUG_DYNAMIC_MFC|Win32.ActiveCfg = DEBUG_DYNAMIC_MFC|Win32
		{86F54075-BC39-43A9-9AB6-2E10F69CED3A}.DEBUG_DYNAMIC_MFC|Win32.Build.0 = DEBUG_DYNAMIC_MFC|Win32
		{86F54075-BC39-43A9-9AB6-2E10F69CED3A}.DEBUG_STATIC_MFC|Win32.ActiveCfg = DEBUG_STATIC_MFC|Win32
		{86F54075-BC39-43A9-9AB6-2E10F69CED3A}.DEBUG_STATIC_MFC|Win32.Build.0 = DEBUG_STATIC_MFC|Win32
		{86F54075-BC39-43A9-9AB6-2E10F69CED3A}.DEBUG_WINAPI|Win32.ActiveCfg = DEBUG_WINAPI|Win32
		{86F54075-BC39-43A9-9AB6-2E10F69CED3A}.DEBUG_WINAPI|Win32.Build.0 = DEBUG_WINAPI|Win32
		{86F54075-BC39-43A9-9AB6-2E10F69CED3A}.Debug|Win32.ActiveCfg = Debug|Win32
		{86F54075-BC39-43A9-9AB6-2E10F69CED3A}.Debug|Win32.Build.0 = Debug|Win32
		{86F54075-BC39-43A9-9AB6-2E10F69CED3A}.RELEASE_DYNAMIC_MFC|Win32.ActiveCfg = RELEASE_DYNAMIC_MFC|Win32
		{86F54075-BC39-43A9-9AB6-2E10F69CED3A}.RELEASE_DYNAMIC_MFC|Win32.Build.0 = RELEASE_DYNAMIC_MFC|Win32
		{86F54075-BC39-43A9-9AB6-2E10F69CED3A}.RELEASE_STATIC_MFC|Win32.ActiveCfg = RELEASE_STATIC_MFC|Win32
		{86F54075-BC39-43A9-9AB6-2E10F69CED3A}.RELEASE_STATIC_MFC|Win32.Build.0 = RELEASE_STATIC_MFC|Win32
		{86F54075-BC39-43A9-9AB6-2E10F69CED3A}.Release|Win32.ActiveCfg = Release|Win32
		{86F54075-BC39-43A9-9AB6-2E10F69CED3A}.Release|Win32.Build.0 = Release|Win32
		{00EA8059-4E82-4EE0-9C41-8BD174ED12B9}.DEBUG_DYNAMIC_MFC|Win32.ActiveCfg = DEBUG_DYNAMIC_MFC|Win32
		{00EA8059-4E82-4EE0-9C41-8BD174ED12B9}.DEBUG_DYNAMIC_MFC|Win32.Build.0 = DEBUG_DYNAMIC_MFC|Win32
		{00EA8059-4E82-4EE0-9C41-8BD174ED12B9}.DEBUG_STATIC_MFC|Win32.ActiveCfg = DEBUG_STATIC_MFC|Win32
		{00EA8059-4E82-4EE0-9C41-8BD174ED12B9}.DEBUG_STATIC_MFC|Win32.Build.0 = DEBUG_STATIC_MFC|Win32
		{00EA8059-4E82-4EE0-9C41-8BD174ED12B9}.DEBUG_WINAPI|Win32.ActiveCfg = DEBUG_WINAPI|Win32
		{00EA8059-4E82-4EE0-9C41-8BD174ED12B9}.DEBUG_WINAPI|Win32.Build.0 = DEBUG_WINAPI|Win32
		{00EA8059-4E82-4EE0-9C41-8BD174ED12B9}.Debug|Win32.ActiveCfg = DEBUG_WINAPI|Win32
		{00EA8059-4E82-4EE0-9C41-8BD174ED12B9}.Debug|Win32.Build.0 = DEBUG_WINAPI|Win32
		{00EA8059-4E82-4EE0-9C41-8BD174ED12B9}.RELEASE_DYNAMIC_MFC|Win32.ActiveCfg = RELEASE_DYNAMIC_MFC|Win32
		{00EA8059-4E82-4EE0-9C41-8BD174ED12B9}.RELEASE_DYNAMIC_MFC|Win32.Build.0 = RELEASE_DYNAMIC_MFC|Win32
		{00EA8059-4E82-4EE0-9C41-8BD174ED12B9}.RELEASE_STATIC_MFC|Win32.ActiveCfg = RELEASE_STATIC_MFC|Win32
		{00EA8059-4E82-4EE0-9C41-8BD174ED12B9}.RELEASE_STATIC_MFC|Win32.Build.0 = RELEASE_STATIC_MFC|Win32
		{00EA8059-4E82-4EE0-9C41-8BD174ED12B9}.Release|Win32.ActiveCfg = RELEASE_DYNAMIC_MFC|Win32
		{00EA8059-4E82-4EE0-9C41-8BD174ED12B9}.Release|Win32.Build.0 = RELEASE_DYNAMIC_MFC|Win32
	EndGlobalSection
	GlobalSection(SolutionProperties) = preSolution
		HideSolutionNode = FALSE
	EndGlobalSection
EndGlobal
