
Microsoft Visual Studio Solution File, Format Version 10.00
# Visual Studio 2008
Project("{8BC9CEB8-8B4A-11D0-8D11-00A0C91BC942}") = "sn_update_tool", "sn_update_tool\sn_update_tool.vcproj", "{67056069-BC17-47A4-B427-3410C79C1F01}"
	ProjectSection(ProjectDependencies) = postProject
		{32D8ADF6-C40E-45E1-8AD6-D4DFE4F1D9AB} = {32D8ADF6-C40E-45E1-8AD6-D4DFE4F1D9AB}
	EndProjectSection
EndProject
Project("{8BC9CEB8-8B4A-11D0-8D11-00A0C91BC942}") = "stdext", "..\jcvos\stdext\stdext.vcproj", "{32D8ADF6-C40E-45E1-8AD6-D4DFE4F1D9AB}"
EndProject
Global
	GlobalSection(SolutionConfigurationPlatforms) = preSolution
		DEBUG_STATIC_MFC|Win32 = DEBUG_STATIC_MFC|Win32
		RELEASE_STATIC_MFC|Win32 = RELEASE_STATIC_MFC|Win32
	EndGlobalSection
	GlobalSection(ProjectConfigurationPlatforms) = postSolution
		{67056069-BC17-47A4-B427-3410C79C1F01}.DEBUG_STATIC_MFC|Win32.ActiveCfg = DEBUG_STATIC_MFC|Win32
		{67056069-BC17-47A4-B427-3410C79C1F01}.DEBUG_STATIC_MFC|Win32.Build.0 = DEBUG_STATIC_MFC|Win32
		{67056069-BC17-47A4-B427-3410C79C1F01}.RELEASE_STATIC_MFC|Win32.ActiveCfg = RELEASE_STATIC_MFC|Win32
		{67056069-BC17-47A4-B427-3410C79C1F01}.RELEASE_STATIC_MFC|Win32.Build.0 = RELEASE_STATIC_MFC|Win32
		{32D8ADF6-C40E-45E1-8AD6-D4DFE4F1D9AB}.DEBUG_STATIC_MFC|Win32.ActiveCfg = DEBUG_STATIC_MFC|Win32
		{32D8ADF6-C40E-45E1-8AD6-D4DFE4F1D9AB}.DEBUG_STATIC_MFC|Win32.Build.0 = DEBUG_STATIC_MFC|Win32
		{32D8ADF6-C40E-45E1-8AD6-D4DFE4F1D9AB}.RELEASE_STATIC_MFC|Win32.ActiveCfg = RELEASE_STATIC_MFC|Win32
		{32D8ADF6-C40E-45E1-8AD6-D4DFE4F1D9AB}.RELEASE_STATIC_MFC|Win32.Build.0 = RELEASE_STATIC_MFC|Win32
	EndGlobalSection
	GlobalSection(SolutionProperties) = preSolution
		HideSolutionNode = FALSE
	EndGlobalSection
EndGlobal
