
Microsoft Visual Studio Solution File, Format Version 10.00
# Visual Studio 2008
Project("{8BC9CEB8-8B4A-11D0-8D11-00A0C91BC942}") = "stdext", "..\..\jcvos\stdext\stdext.vcproj", "{32D8ADF6-C40E-45E1-8AD6-D4DFE4F1D9AB}"
EndProject
Project("{8BC9CEB8-8B4A-11D0-8D11-00A0C91BC942}") = "jcparam", "..\..\jcvos\jcparam\jcparam.vcproj", "{00EA8059-4E82-4EE0-9C41-8BD174ED12B9}"
	ProjectSection(ProjectDependencies) = postProject
		{32D8ADF6-C40E-45E1-8AD6-D4DFE4F1D9AB} = {32D8ADF6-C40E-45E1-8AD6-D4DFE4F1D9AB}
	EndProjectSection
EndProject
Project("{8BC9CEB8-8B4A-11D0-8D11-00A0C91BC942}") = "SmiDevice", "SmiDevice\SmiDevice.vcproj", "{94F5A0A0-909E-4BCC-9E4D-F5C63E138DFE}"
	ProjectSection(ProjectDependencies) = postProject
		{00EA8059-4E82-4EE0-9C41-8BD174ED12B9} = {00EA8059-4E82-4EE0-9C41-8BD174ED12B9}
		{32D8ADF6-C40E-45E1-8AD6-D4DFE4F1D9AB} = {32D8ADF6-C40E-45E1-8AD6-D4DFE4F1D9AB}
	EndProjectSection
EndProject
Project("{8BC9CEB8-8B4A-11D0-8D11-00A0C91BC942}") = "jcapp", "..\..\jcvos\jcapp\jcapp.vcproj", "{86F54075-BC39-43A9-9AB6-2E10F69CED3A}"
	ProjectSection(ProjectDependencies) = postProject
		{00EA8059-4E82-4EE0-9C41-8BD174ED12B9} = {00EA8059-4E82-4EE0-9C41-8BD174ED12B9}
		{32D8ADF6-C40E-45E1-8AD6-D4DFE4F1D9AB} = {32D8ADF6-C40E-45E1-8AD6-D4DFE4F1D9AB}
	EndProjectSection
EndProject
Project("{8BC9CEB8-8B4A-11D0-8D11-00A0C91BC942}") = "copy_compare_tester", "copy_compare_tester\copy_compare_tester.vcproj", "{4B4857A8-A3D9-4A35-8851-033251DB9457}"
	ProjectSection(ProjectDependencies) = postProject
		{7693EF51-CA24-41AD-B712-4343BFB1F1CC} = {7693EF51-CA24-41AD-B712-4343BFB1F1CC}
		{00EA8059-4E82-4EE0-9C41-8BD174ED12B9} = {00EA8059-4E82-4EE0-9C41-8BD174ED12B9}
		{86F54075-BC39-43A9-9AB6-2E10F69CED3A} = {86F54075-BC39-43A9-9AB6-2E10F69CED3A}
		{94F5A0A0-909E-4BCC-9E4D-F5C63E138DFE} = {94F5A0A0-909E-4BCC-9E4D-F5C63E138DFE}
		{32D8ADF6-C40E-45E1-8AD6-D4DFE4F1D9AB} = {32D8ADF6-C40E-45E1-8AD6-D4DFE4F1D9AB}
	EndProjectSection
EndProject
Project("{8BC9CEB8-8B4A-11D0-8D11-00A0C91BC942}") = "ata_trace", "ata_trace\ata_trace.vcproj", "{7693EF51-CA24-41AD-B712-4343BFB1F1CC}"
EndProject
Global
	GlobalSection(SolutionConfigurationPlatforms) = preSolution
		DEBUG_WINAPI|Win32 = DEBUG_WINAPI|Win32
		RELEASE_WINAPI|Win32 = RELEASE_WINAPI|Win32
	EndGlobalSection
	GlobalSection(ProjectConfigurationPlatforms) = postSolution
		{32D8ADF6-C40E-45E1-8AD6-D4DFE4F1D9AB}.DEBUG_WINAPI|Win32.ActiveCfg = DEBUG_WINAPI|Win32
		{32D8ADF6-C40E-45E1-8AD6-D4DFE4F1D9AB}.DEBUG_WINAPI|Win32.Build.0 = DEBUG_WINAPI|Win32
		{32D8ADF6-C40E-45E1-8AD6-D4DFE4F1D9AB}.RELEASE_WINAPI|Win32.ActiveCfg = RELEASE_WINAPI|Win32
		{32D8ADF6-C40E-45E1-8AD6-D4DFE4F1D9AB}.RELEASE_WINAPI|Win32.Build.0 = RELEASE_WINAPI|Win32
		{00EA8059-4E82-4EE0-9C41-8BD174ED12B9}.DEBUG_WINAPI|Win32.ActiveCfg = DEBUG_WINAPI|Win32
		{00EA8059-4E82-4EE0-9C41-8BD174ED12B9}.DEBUG_WINAPI|Win32.Build.0 = DEBUG_WINAPI|Win32
		{00EA8059-4E82-4EE0-9C41-8BD174ED12B9}.RELEASE_WINAPI|Win32.ActiveCfg = RELEASE_WINAPI|Win32
		{00EA8059-4E82-4EE0-9C41-8BD174ED12B9}.RELEASE_WINAPI|Win32.Build.0 = RELEASE_WINAPI|Win32
		{94F5A0A0-909E-4BCC-9E4D-F5C63E138DFE}.DEBUG_WINAPI|Win32.ActiveCfg = DEBUG_WINAPI|Win32
		{94F5A0A0-909E-4BCC-9E4D-F5C63E138DFE}.DEBUG_WINAPI|Win32.Build.0 = DEBUG_WINAPI|Win32
		{94F5A0A0-909E-4BCC-9E4D-F5C63E138DFE}.RELEASE_WINAPI|Win32.ActiveCfg = RELEASE_WINAPI|Win32
		{94F5A0A0-909E-4BCC-9E4D-F5C63E138DFE}.RELEASE_WINAPI|Win32.Build.0 = RELEASE_WINAPI|Win32
		{86F54075-BC39-43A9-9AB6-2E10F69CED3A}.DEBUG_WINAPI|Win32.ActiveCfg = DEBUG_WINAPI|Win32
		{86F54075-BC39-43A9-9AB6-2E10F69CED3A}.DEBUG_WINAPI|Win32.Build.0 = DEBUG_WINAPI|Win32
		{86F54075-BC39-43A9-9AB6-2E10F69CED3A}.RELEASE_WINAPI|Win32.ActiveCfg = RELEASE_WINAPI|Win32
		{86F54075-BC39-43A9-9AB6-2E10F69CED3A}.RELEASE_WINAPI|Win32.Build.0 = RELEASE_WINAPI|Win32
		{4B4857A8-A3D9-4A35-8851-033251DB9457}.DEBUG_WINAPI|Win32.ActiveCfg = DEBUG_WINAPI|Win32
		{4B4857A8-A3D9-4A35-8851-033251DB9457}.DEBUG_WINAPI|Win32.Build.0 = DEBUG_WINAPI|Win32
		{4B4857A8-A3D9-4A35-8851-033251DB9457}.RELEASE_WINAPI|Win32.ActiveCfg = RELEASE_WINAPI|Win32
		{4B4857A8-A3D9-4A35-8851-033251DB9457}.RELEASE_WINAPI|Win32.Build.0 = RELEASE_WINAPI|Win32
		{7693EF51-CA24-41AD-B712-4343BFB1F1CC}.DEBUG_WINAPI|Win32.ActiveCfg = DEBUG_WINAPI|Win32
		{7693EF51-CA24-41AD-B712-4343BFB1F1CC}.DEBUG_WINAPI|Win32.Build.0 = DEBUG_WINAPI|Win32
		{7693EF51-CA24-41AD-B712-4343BFB1F1CC}.RELEASE_WINAPI|Win32.ActiveCfg = RELEASE_WINAPI|Win32
		{7693EF51-CA24-41AD-B712-4343BFB1F1CC}.RELEASE_WINAPI|Win32.Build.0 = RELEASE_WINAPI|Win32
	EndGlobalSection
	GlobalSection(SolutionProperties) = preSolution
		HideSolutionNode = FALSE
	EndGlobalSection
EndGlobal
