
Microsoft Visual Studio Solution File, Format Version 10.00
# Visual Studio 2008
Project("{8BC9CEB8-8B4A-11D0-8D11-00A0C91BC942}") = "SmiVenderTest", "SmiVenderTest\SmiVenderTest.vcproj", "{90FE039F-0973-4987-B575-0E96054871DB}"
	ProjectSection(ProjectDependencies) = postProject
		{CF97E21B-F317-4ADD-AD01-163263FCD4DF} = {CF97E21B-F317-4ADD-AD01-163263FCD4DF}
		{00EA8059-4E82-4EE0-9C41-8BD174ED12B9} = {00EA8059-4E82-4EE0-9C41-8BD174ED12B9}
		{BBD6DE7E-B3A1-4DE0-A2B6-CA84DE964780} = {BBD6DE7E-B3A1-4DE0-A2B6-CA84DE964780}
		{94F5A0A0-909E-4BCC-9E4D-F5C63E138DFE} = {94F5A0A0-909E-4BCC-9E4D-F5C63E138DFE}
		{2B5E86CF-2804-47A6-B7D6-680167FDECB8} = {2B5E86CF-2804-47A6-B7D6-680167FDECB8}
		{32D8ADF6-C40E-45E1-8AD6-D4DFE4F1D9AB} = {32D8ADF6-C40E-45E1-8AD6-D4DFE4F1D9AB}
	EndProjectSection
EndProject
Project("{8BC9CEB8-8B4A-11D0-8D11-00A0C91BC942}") = "stdext", "..\..\jcvos\stdext\stdext.vcproj", "{32D8ADF6-C40E-45E1-8AD6-D4DFE4F1D9AB}"
EndProject
Project("{8BC9CEB8-8B4A-11D0-8D11-00A0C91BC942}") = "jcparam", "..\..\jcvos\jcparam\jcparam.vcproj", "{00EA8059-4E82-4EE0-9C41-8BD174ED12B9}"
	ProjectSection(ProjectDependencies) = postProject
		{32D8ADF6-C40E-45E1-8AD6-D4DFE4F1D9AB} = {32D8ADF6-C40E-45E1-8AD6-D4DFE4F1D9AB}
	EndProjectSection
EndProject
Project("{8BC9CEB8-8B4A-11D0-8D11-00A0C91BC942}") = "jcparam_test", "..\..\jcvos\jcparam\test\jcparam_test.vcproj", "{0EA0BB73-1FD1-4FB9-ACEC-CE1BBA5298AF}"
	ProjectSection(ProjectDependencies) = postProject
		{00EA8059-4E82-4EE0-9C41-8BD174ED12B9} = {00EA8059-4E82-4EE0-9C41-8BD174ED12B9}
		{32D8ADF6-C40E-45E1-8AD6-D4DFE4F1D9AB} = {32D8ADF6-C40E-45E1-8AD6-D4DFE4F1D9AB}
	EndProjectSection
EndProject
Project("{8BC9CEB8-8B4A-11D0-8D11-00A0C91BC942}") = "stdext_test", "..\..\jcvos\stdext\test\stdext_test.vcproj", "{6FA0CABD-A92D-488A-B2A2-22EEAA072484}"
	ProjectSection(ProjectDependencies) = postProject
		{86F54075-BC39-43A9-9AB6-2E10F69CED3A} = {86F54075-BC39-43A9-9AB6-2E10F69CED3A}
		{32D8ADF6-C40E-45E1-8AD6-D4DFE4F1D9AB} = {32D8ADF6-C40E-45E1-8AD6-D4DFE4F1D9AB}
	EndProjectSection
EndProject
Project("{8BC9CEB8-8B4A-11D0-8D11-00A0C91BC942}") = "jcdb", "..\..\jcvos\jcdb\jcdb.vcproj", "{08C6DABC-DD00-4F81-82CA-F713402BF729}"
EndProject
Project("{8BC9CEB8-8B4A-11D0-8D11-00A0C91BC942}") = "jcgui", "..\..\jcvos\jcgui\jcgui.vcproj", "{EA0FA066-5554-4345-964C-2DB3B3E4AF02}"
EndProject
Project("{8BC9CEB8-8B4A-11D0-8D11-00A0C91BC942}") = "SmiDevice", "SmiDevice\SmiDevice.vcproj", "{94F5A0A0-909E-4BCC-9E4D-F5C63E138DFE}"
	ProjectSection(ProjectDependencies) = postProject
		{00EA8059-4E82-4EE0-9C41-8BD174ED12B9} = {00EA8059-4E82-4EE0-9C41-8BD174ED12B9}
		{32D8ADF6-C40E-45E1-8AD6-D4DFE4F1D9AB} = {32D8ADF6-C40E-45E1-8AD6-D4DFE4F1D9AB}
	EndProjectSection
EndProject
Project("{8BC9CEB8-8B4A-11D0-8D11-00A0C91BC942}") = "script_engine", "..\..\jcvos\script_engine\script_engine.vcproj", "{CF97E21B-F317-4ADD-AD01-163263FCD4DF}"
	ProjectSection(ProjectDependencies) = postProject
		{00EA8059-4E82-4EE0-9C41-8BD174ED12B9} = {00EA8059-4E82-4EE0-9C41-8BD174ED12B9}
	EndProjectSection
EndProject
Project("{8BC9CEB8-8B4A-11D0-8D11-00A0C91BC942}") = "syntax_test", "..\..\jcvos\script_engine\test\syntax_test.vcproj", "{4A0B4A19-92EA-4775-A649-23550EC16C54}"
	ProjectSection(ProjectDependencies) = postProject
		{CF97E21B-F317-4ADD-AD01-163263FCD4DF} = {CF97E21B-F317-4ADD-AD01-163263FCD4DF}
	EndProjectSection
EndProject
Project("{8BC9CEB8-8B4A-11D0-8D11-00A0C91BC942}") = "sqlite", "..\..\extlib\sqlite\sqlite.vcproj", "{C0E00B92-29FD-4AB6-858A-E5544F54579D}"
EndProject
Project("{8BC9CEB8-8B4A-11D0-8D11-00A0C91BC942}") = "FerriSimulator", "FerriSimulator\FerriSimulator.vcproj", "{BBD6DE7E-B3A1-4DE0-A2B6-CA84DE964780}"
	ProjectSection(ProjectDependencies) = postProject
		{00EA8059-4E82-4EE0-9C41-8BD174ED12B9} = {00EA8059-4E82-4EE0-9C41-8BD174ED12B9}
		{94F5A0A0-909E-4BCC-9E4D-F5C63E138DFE} = {94F5A0A0-909E-4BCC-9E4D-F5C63E138DFE}
		{32D8ADF6-C40E-45E1-8AD6-D4DFE4F1D9AB} = {32D8ADF6-C40E-45E1-8AD6-D4DFE4F1D9AB}
	EndProjectSection
EndProject
Project("{8BC9CEB8-8B4A-11D0-8D11-00A0C91BC942}") = "utf_convert", "..\utf_convert\utf_convert.vcproj", "{47A34A42-3B3D-479D-BBD0-C059030CF04B}"
	ProjectSection(ProjectDependencies) = postProject
		{32D8ADF6-C40E-45E1-8AD6-D4DFE4F1D9AB} = {32D8ADF6-C40E-45E1-8AD6-D4DFE4F1D9AB}
	EndProjectSection
EndProject
Project("{8BC9CEB8-8B4A-11D0-8D11-00A0C91BC942}") = "sn_update_tool", "..\sn_update_tool\sn_update_tool.vcproj", "{67056069-BC17-47A4-B427-3410C79C1F01}"
	ProjectSection(ProjectDependencies) = postProject
		{32D8ADF6-C40E-45E1-8AD6-D4DFE4F1D9AB} = {32D8ADF6-C40E-45E1-8AD6-D4DFE4F1D9AB}
	EndProjectSection
EndProject
Project("{8BC9CEB8-8B4A-11D0-8D11-00A0C91BC942}") = "fw_update_win", "..\fw_update_win\fw_update_win.vcproj", "{EC695F7F-6674-4D0E-ADDE-CBA276BE378C}"
	ProjectSection(ProjectDependencies) = postProject
		{32D8ADF6-C40E-45E1-8AD6-D4DFE4F1D9AB} = {32D8ADF6-C40E-45E1-8AD6-D4DFE4F1D9AB}
	EndProjectSection
EndProject
Project("{8BC9CEB8-8B4A-11D0-8D11-00A0C91BC942}") = "win_fw_update", "..\win_fw_update\win_fw_update.vcproj", "{350AFF95-8899-4A13-8201-0BF1745F268F}"
	ProjectSection(ProjectDependencies) = postProject
		{32D8ADF6-C40E-45E1-8AD6-D4DFE4F1D9AB} = {32D8ADF6-C40E-45E1-8AD6-D4DFE4F1D9AB}
	EndProjectSection
EndProject
Project("{8BC9CEB8-8B4A-11D0-8D11-00A0C91BC942}") = "merge_fw_update_tool", "..\merge_fw_update_tool\merge_fw_update_tool.vcproj", "{1860585C-6441-431F-AA2C-FB9BB07FA5FD}"
	ProjectSection(ProjectDependencies) = postProject
		{00EA8059-4E82-4EE0-9C41-8BD174ED12B9} = {00EA8059-4E82-4EE0-9C41-8BD174ED12B9}
		{32D8ADF6-C40E-45E1-8AD6-D4DFE4F1D9AB} = {32D8ADF6-C40E-45E1-8AD6-D4DFE4F1D9AB}
	EndProjectSection
EndProject
Project("{8BC9CEB8-8B4A-11D0-8D11-00A0C91BC942}") = "jcapp", "..\..\jcvos\jcapp\jcapp.vcproj", "{86F54075-BC39-43A9-9AB6-2E10F69CED3A}"
	ProjectSection(ProjectDependencies) = postProject
		{00EA8059-4E82-4EE0-9C41-8BD174ED12B9} = {00EA8059-4E82-4EE0-9C41-8BD174ED12B9}
		{32D8ADF6-C40E-45E1-8AD6-D4DFE4F1D9AB} = {32D8ADF6-C40E-45E1-8AD6-D4DFE4F1D9AB}
	EndProjectSection
EndProject
Project("{8BC9CEB8-8B4A-11D0-8D11-00A0C91BC942}") = "checksum", "..\checksum\checksum.vcproj", "{D3000980-3565-4E27-9142-C491884E24B1}"
	ProjectSection(ProjectDependencies) = postProject
		{00EA8059-4E82-4EE0-9C41-8BD174ED12B9} = {00EA8059-4E82-4EE0-9C41-8BD174ED12B9}
		{86F54075-BC39-43A9-9AB6-2E10F69CED3A} = {86F54075-BC39-43A9-9AB6-2E10F69CED3A}
		{2B5E86CF-2804-47A6-B7D6-680167FDECB8} = {2B5E86CF-2804-47A6-B7D6-680167FDECB8}
		{32D8ADF6-C40E-45E1-8AD6-D4DFE4F1D9AB} = {32D8ADF6-C40E-45E1-8AD6-D4DFE4F1D9AB}
	EndProjectSection
EndProject
Project("{8BC9CEB8-8B4A-11D0-8D11-00A0C91BC942}") = "TraceParser", "TraceParser\TraceParser.vcproj", "{79EFF394-75A8-45FA-8F98-10F2ED043628}"
EndProject
Project("{8BC9CEB8-8B4A-11D0-8D11-00A0C91BC942}") = "subsequ", "..\subsequ\subsequ.vcproj", "{83166533-A043-4495-8AAE-72CDCABACF02}"
	ProjectSection(ProjectDependencies) = postProject
		{86F54075-BC39-43A9-9AB6-2E10F69CED3A} = {86F54075-BC39-43A9-9AB6-2E10F69CED3A}
		{32D8ADF6-C40E-45E1-8AD6-D4DFE4F1D9AB} = {32D8ADF6-C40E-45E1-8AD6-D4DFE4F1D9AB}
	EndProjectSection
EndProject
Project("{8BC9CEB8-8B4A-11D0-8D11-00A0C91BC942}") = "feature_codec", "feature_encode\feature_encode.vcproj", "{2B5E86CF-2804-47A6-B7D6-680167FDECB8}"
	ProjectSection(ProjectDependencies) = postProject
		{CF97E21B-F317-4ADD-AD01-163263FCD4DF} = {CF97E21B-F317-4ADD-AD01-163263FCD4DF}
		{00EA8059-4E82-4EE0-9C41-8BD174ED12B9} = {00EA8059-4E82-4EE0-9C41-8BD174ED12B9}
	EndProjectSection
EndProject
Project("{8BC9CEB8-8B4A-11D0-8D11-00A0C91BC942}") = "switch_screen", "..\switch_screen\switch_screen.vcproj", "{17027D54-30BE-4C1F-A1EB-3E07C49F2DF5}"
EndProject
Project("{8BC9CEB8-8B4A-11D0-8D11-00A0C91BC942}") = "wqlcl", "..\wqlcl\wqlcl.vcproj", "{0D0948AB-310D-4633-B98E-276079AB752A}"
	ProjectSection(ProjectDependencies) = postProject
		{00EA8059-4E82-4EE0-9C41-8BD174ED12B9} = {00EA8059-4E82-4EE0-9C41-8BD174ED12B9}
		{86F54075-BC39-43A9-9AB6-2E10F69CED3A} = {86F54075-BC39-43A9-9AB6-2E10F69CED3A}
		{32D8ADF6-C40E-45E1-8AD6-D4DFE4F1D9AB} = {32D8ADF6-C40E-45E1-8AD6-D4DFE4F1D9AB}
	EndProjectSection
EndProject
Project("{8BC9CEB8-8B4A-11D0-8D11-00A0C91BC942}") = "hard_link_check", "..\hard_link_check\hard_link_check.vcproj", "{5B0E3B08-1453-4900-9D0D-5312FB490114}"
	ProjectSection(ProjectDependencies) = postProject
		{00EA8059-4E82-4EE0-9C41-8BD174ED12B9} = {00EA8059-4E82-4EE0-9C41-8BD174ED12B9}
		{86F54075-BC39-43A9-9AB6-2E10F69CED3A} = {86F54075-BC39-43A9-9AB6-2E10F69CED3A}
		{32D8ADF6-C40E-45E1-8AD6-D4DFE4F1D9AB} = {32D8ADF6-C40E-45E1-8AD6-D4DFE4F1D9AB}
	EndProjectSection
EndProject
Project("{8BC9CEB8-8B4A-11D0-8D11-00A0C91BC942}") = "hardlinkext", "..\hardlinkext\hardlinkext.vcproj", "{3C1962A1-10AA-4D7C-B59A-D29CA5EB387D}"
EndProject
Project("{8BC9CEB8-8B4A-11D0-8D11-00A0C91BC942}") = "hardlinkextPS", "..\hardlinkext\hardlinkextPS.vcproj", "{63E014E8-E2DF-47BB-A681-7AC7C17B7CBF}"
	ProjectSection(ProjectDependencies) = postProject
		{3C1962A1-10AA-4D7C-B59A-D29CA5EB387D} = {3C1962A1-10AA-4D7C-B59A-D29CA5EB387D}
	EndProjectSection
EndProject
Project("{8BC9CEB8-8B4A-11D0-8D11-00A0C91BC942}") = "checksum_shellex", "..\checksum_shellex\checksum_shellex.vcproj", "{D29D886B-A309-470B-A20A-606208553CF2}"
EndProject
Global
	GlobalSection(SolutionConfigurationPlatforms) = preSolution
		DEBUG_DYNAMIC_MFC|Win32 = DEBUG_DYNAMIC_MFC|Win32
		DEBUG_STATIC_MFC|Win32 = DEBUG_STATIC_MFC|Win32
		DEBUG_WINAPI|Win32 = DEBUG_WINAPI|Win32
		Debug|Win32 = Debug|Win32
		RELEASE_DYNAMIC_MFC|Win32 = RELEASE_DYNAMIC_MFC|Win32
		RELEASE_STATIC_MFC|Win32 = RELEASE_STATIC_MFC|Win32
		Release|Win32 = Release|Win32
	EndGlobalSection
	GlobalSection(ProjectConfigurationPlatforms) = postSolution
		{90FE039F-0973-4987-B575-0E96054871DB}.DEBUG_DYNAMIC_MFC|Win32.ActiveCfg = DEBUG_DYNAMIC_MFC|Win32
		{90FE039F-0973-4987-B575-0E96054871DB}.DEBUG_DYNAMIC_MFC|Win32.Build.0 = DEBUG_DYNAMIC_MFC|Win32
		{90FE039F-0973-4987-B575-0E96054871DB}.DEBUG_STATIC_MFC|Win32.ActiveCfg = DEBUG_STATIC_MFC|Win32
		{90FE039F-0973-4987-B575-0E96054871DB}.DEBUG_STATIC_MFC|Win32.Build.0 = DEBUG_STATIC_MFC|Win32
		{90FE039F-0973-4987-B575-0E96054871DB}.DEBUG_WINAPI|Win32.ActiveCfg = DEBUG_WINAPI|Win32
		{90FE039F-0973-4987-B575-0E96054871DB}.DEBUG_WINAPI|Win32.Build.0 = DEBUG_WINAPI|Win32
		{90FE039F-0973-4987-B575-0E96054871DB}.Debug|Win32.ActiveCfg = Debug|Win32
		{90FE039F-0973-4987-B575-0E96054871DB}.Debug|Win32.Build.0 = Debug|Win32
		{90FE039F-0973-4987-B575-0E96054871DB}.RELEASE_DYNAMIC_MFC|Win32.ActiveCfg = RELEASE_DYNAMIC_MFC|Win32
		{90FE039F-0973-4987-B575-0E96054871DB}.RELEASE_DYNAMIC_MFC|Win32.Build.0 = RELEASE_DYNAMIC_MFC|Win32
		{90FE039F-0973-4987-B575-0E96054871DB}.RELEASE_STATIC_MFC|Win32.ActiveCfg = RELEASE_STATIC_MFC|Win32
		{90FE039F-0973-4987-B575-0E96054871DB}.RELEASE_STATIC_MFC|Win32.Build.0 = RELEASE_STATIC_MFC|Win32
		{90FE039F-0973-4987-B575-0E96054871DB}.Release|Win32.ActiveCfg = Release|Win32
		{90FE039F-0973-4987-B575-0E96054871DB}.Release|Win32.Build.0 = Release|Win32
		{32D8ADF6-C40E-45E1-8AD6-D4DFE4F1D9AB}.DEBUG_DYNAMIC_MFC|Win32.ActiveCfg = DEBUG_DYNAMIC_MFC|Win32
		{32D8ADF6-C40E-45E1-8AD6-D4DFE4F1D9AB}.DEBUG_DYNAMIC_MFC|Win32.Build.0 = DEBUG_DYNAMIC_MFC|Win32
		{32D8ADF6-C40E-45E1-8AD6-D4DFE4F1D9AB}.DEBUG_STATIC_MFC|Win32.ActiveCfg = DEBUG_STATIC_MFC|Win32
		{32D8ADF6-C40E-45E1-8AD6-D4DFE4F1D9AB}.DEBUG_STATIC_MFC|Win32.Build.0 = DEBUG_STATIC_MFC|Win32
		{32D8ADF6-C40E-45E1-8AD6-D4DFE4F1D9AB}.DEBUG_WINAPI|Win32.ActiveCfg = DEBUG_WINAPI|Win32
		{32D8ADF6-C40E-45E1-8AD6-D4DFE4F1D9AB}.DEBUG_WINAPI|Win32.Build.0 = DEBUG_WINAPI|Win32
		{32D8ADF6-C40E-45E1-8AD6-D4DFE4F1D9AB}.Debug|Win32.ActiveCfg = Debug|Win32
		{32D8ADF6-C40E-45E1-8AD6-D4DFE4F1D9AB}.Debug|Win32.Build.0 = Debug|Win32
		{32D8ADF6-C40E-45E1-8AD6-D4DFE4F1D9AB}.RELEASE_DYNAMIC_MFC|Win32.ActiveCfg = RELEASE_DYNAMIC_MFC|Win32
		{32D8ADF6-C40E-45E1-8AD6-D4DFE4F1D9AB}.RELEASE_DYNAMIC_MFC|Win32.Build.0 = RELEASE_DYNAMIC_MFC|Win32
		{32D8ADF6-C40E-45E1-8AD6-D4DFE4F1D9AB}.RELEASE_STATIC_MFC|Win32.ActiveCfg = RELEASE_STATIC_MFC|Win32
		{32D8ADF6-C40E-45E1-8AD6-D4DFE4F1D9AB}.RELEASE_STATIC_MFC|Win32.Build.0 = RELEASE_STATIC_MFC|Win32
		{32D8ADF6-C40E-45E1-8AD6-D4DFE4F1D9AB}.Release|Win32.ActiveCfg = Release|Win32
		{32D8ADF6-C40E-45E1-8AD6-D4DFE4F1D9AB}.Release|Win32.Build.0 = Release|Win32
		{00EA8059-4E82-4EE0-9C41-8BD174ED12B9}.DEBUG_DYNAMIC_MFC|Win32.ActiveCfg = DEBUG_DYNAMIC_MFC|Win32
		{00EA8059-4E82-4EE0-9C41-8BD174ED12B9}.DEBUG_DYNAMIC_MFC|Win32.Build.0 = DEBUG_DYNAMIC_MFC|Win32
		{00EA8059-4E82-4EE0-9C41-8BD174ED12B9}.DEBUG_STATIC_MFC|Win32.ActiveCfg = DEBUG_STATIC_MFC|Win32
		{00EA8059-4E82-4EE0-9C41-8BD174ED12B9}.DEBUG_STATIC_MFC|Win32.Build.0 = DEBUG_STATIC_MFC|Win32
		{00EA8059-4E82-4EE0-9C41-8BD174ED12B9}.DEBUG_WINAPI|Win32.ActiveCfg = DEBUG_WINAPI|Win32
		{00EA8059-4E82-4EE0-9C41-8BD174ED12B9}.DEBUG_WINAPI|Win32.Build.0 = DEBUG_WINAPI|Win32
		{00EA8059-4E82-4EE0-9C41-8BD174ED12B9}.Debug|Win32.ActiveCfg = Debug|Win32
		{00EA8059-4E82-4EE0-9C41-8BD174ED12B9}.Debug|Win32.Build.0 = Debug|Win32
		{00EA8059-4E82-4EE0-9C41-8BD174ED12B9}.RELEASE_DYNAMIC_MFC|Win32.ActiveCfg = RELEASE_DYNAMIC_MFC|Win32
		{00EA8059-4E82-4EE0-9C41-8BD174ED12B9}.RELEASE_DYNAMIC_MFC|Win32.Build.0 = RELEASE_DYNAMIC_MFC|Win32
		{00EA8059-4E82-4EE0-9C41-8BD174ED12B9}.RELEASE_STATIC_MFC|Win32.ActiveCfg = RELEASE_STATIC_MFC|Win32
		{00EA8059-4E82-4EE0-9C41-8BD174ED12B9}.RELEASE_STATIC_MFC|Win32.Build.0 = RELEASE_STATIC_MFC|Win32
		{00EA8059-4E82-4EE0-9C41-8BD174ED12B9}.Release|Win32.ActiveCfg = Release|Win32
		{00EA8059-4E82-4EE0-9C41-8BD174ED12B9}.Release|Win32.Build.0 = Release|Win32
		{0EA0BB73-1FD1-4FB9-ACEC-CE1BBA5298AF}.DEBUG_DYNAMIC_MFC|Win32.ActiveCfg = DEBUG_DYNAMIC_MFC|Win32
		{0EA0BB73-1FD1-4FB9-ACEC-CE1BBA5298AF}.DEBUG_DYNAMIC_MFC|Win32.Build.0 = DEBUG_DYNAMIC_MFC|Win32
		{0EA0BB73-1FD1-4FB9-ACEC-CE1BBA5298AF}.DEBUG_STATIC_MFC|Win32.ActiveCfg = DEBUG_STATIC_LIB|Win32
		{0EA0BB73-1FD1-4FB9-ACEC-CE1BBA5298AF}.DEBUG_WINAPI|Win32.ActiveCfg = DEBUG_WINAPI|Win32
		{0EA0BB73-1FD1-4FB9-ACEC-CE1BBA5298AF}.DEBUG_WINAPI|Win32.Build.0 = DEBUG_WINAPI|Win32
		{0EA0BB73-1FD1-4FB9-ACEC-CE1BBA5298AF}.Debug|Win32.ActiveCfg = Debug|Win32
		{0EA0BB73-1FD1-4FB9-ACEC-CE1BBA5298AF}.Debug|Win32.Build.0 = Debug|Win32
		{0EA0BB73-1FD1-4FB9-ACEC-CE1BBA5298AF}.RELEASE_DYNAMIC_MFC|Win32.ActiveCfg = RELEASE_DYNAMIC_MFC|Win32
		{0EA0BB73-1FD1-4FB9-ACEC-CE1BBA5298AF}.RELEASE_DYNAMIC_MFC|Win32.Build.0 = RELEASE_DYNAMIC_MFC|Win32
		{0EA0BB73-1FD1-4FB9-ACEC-CE1BBA5298AF}.RELEASE_STATIC_MFC|Win32.ActiveCfg = RELEASE_STATIC_LIB|Win32
		{0EA0BB73-1FD1-4FB9-ACEC-CE1BBA5298AF}.Release|Win32.ActiveCfg = Release|Win32
		{0EA0BB73-1FD1-4FB9-ACEC-CE1BBA5298AF}.Release|Win32.Build.0 = Release|Win32
		{6FA0CABD-A92D-488A-B2A2-22EEAA072484}.DEBUG_DYNAMIC_MFC|Win32.ActiveCfg = DEBUG_DYNAMIC_MFC|Win32
		{6FA0CABD-A92D-488A-B2A2-22EEAA072484}.DEBUG_DYNAMIC_MFC|Win32.Build.0 = DEBUG_DYNAMIC_MFC|Win32
		{6FA0CABD-A92D-488A-B2A2-22EEAA072484}.DEBUG_STATIC_MFC|Win32.ActiveCfg = DEBUG_STATIC_MFC|Win32
		{6FA0CABD-A92D-488A-B2A2-22EEAA072484}.DEBUG_STATIC_MFC|Win32.Build.0 = DEBUG_STATIC_MFC|Win32
		{6FA0CABD-A92D-488A-B2A2-22EEAA072484}.DEBUG_WINAPI|Win32.ActiveCfg = DEBUG_WINAPI|Win32
		{6FA0CABD-A92D-488A-B2A2-22EEAA072484}.DEBUG_WINAPI|Win32.Build.0 = DEBUG_WINAPI|Win32
		{6FA0CABD-A92D-488A-B2A2-22EEAA072484}.Debug|Win32.ActiveCfg = Debug|Win32
		{6FA0CABD-A92D-488A-B2A2-22EEAA072484}.Debug|Win32.Build.0 = Debug|Win32
		{6FA0CABD-A92D-488A-B2A2-22EEAA072484}.RELEASE_DYNAMIC_MFC|Win32.ActiveCfg = RELEASE_DYNAMIC_MFC|Win32
		{6FA0CABD-A92D-488A-B2A2-22EEAA072484}.RELEASE_DYNAMIC_MFC|Win32.Build.0 = RELEASE_DYNAMIC_MFC|Win32
		{6FA0CABD-A92D-488A-B2A2-22EEAA072484}.RELEASE_STATIC_MFC|Win32.ActiveCfg = RELEASE_STATIC_MFC|Win32
		{6FA0CABD-A92D-488A-B2A2-22EEAA072484}.RELEASE_STATIC_MFC|Win32.Build.0 = RELEASE_STATIC_MFC|Win32
		{6FA0CABD-A92D-488A-B2A2-22EEAA072484}.Release|Win32.ActiveCfg = Release|Win32
		{6FA0CABD-A92D-488A-B2A2-22EEAA072484}.Release|Win32.Build.0 = Release|Win32
		{08C6DABC-DD00-4F81-82CA-F713402BF729}.DEBUG_DYNAMIC_MFC|Win32.ActiveCfg = DEBUG_DYNAMIC_MFC|Win32
		{08C6DABC-DD00-4F81-82CA-F713402BF729}.DEBUG_DYNAMIC_MFC|Win32.Build.0 = DEBUG_DYNAMIC_MFC|Win32
		{08C6DABC-DD00-4F81-82CA-F713402BF729}.DEBUG_STATIC_MFC|Win32.ActiveCfg = DEBUG_STATIC_LIB|Win32
		{08C6DABC-DD00-4F81-82CA-F713402BF729}.DEBUG_WINAPI|Win32.ActiveCfg = DEBUG_WINAPI|Win32
		{08C6DABC-DD00-4F81-82CA-F713402BF729}.DEBUG_WINAPI|Win32.Build.0 = DEBUG_WINAPI|Win32
		{08C6DABC-DD00-4F81-82CA-F713402BF729}.Debug|Win32.ActiveCfg = Debug|Win32
		{08C6DABC-DD00-4F81-82CA-F713402BF729}.Debug|Win32.Build.0 = Debug|Win32
		{08C6DABC-DD00-4F81-82CA-F713402BF729}.RELEASE_DYNAMIC_MFC|Win32.ActiveCfg = RELEASE_DYNAMIC_MFC|Win32
		{08C6DABC-DD00-4F81-82CA-F713402BF729}.RELEASE_DYNAMIC_MFC|Win32.Build.0 = RELEASE_DYNAMIC_MFC|Win32
		{08C6DABC-DD00-4F81-82CA-F713402BF729}.RELEASE_STATIC_MFC|Win32.ActiveCfg = RELEASE_STATIC_LIB|Win32
		{08C6DABC-DD00-4F81-82CA-F713402BF729}.Release|Win32.ActiveCfg = Release|Win32
		{08C6DABC-DD00-4F81-82CA-F713402BF729}.Release|Win32.Build.0 = Release|Win32
		{EA0FA066-5554-4345-964C-2DB3B3E4AF02}.DEBUG_DYNAMIC_MFC|Win32.ActiveCfg = DEBUG_DYNAMIC_MFC|Win32
		{EA0FA066-5554-4345-964C-2DB3B3E4AF02}.DEBUG_DYNAMIC_MFC|Win32.Build.0 = DEBUG_DYNAMIC_MFC|Win32
		{EA0FA066-5554-4345-964C-2DB3B3E4AF02}.DEBUG_STATIC_MFC|Win32.ActiveCfg = DEBUG_STATIC_LIB|Win32
		{EA0FA066-5554-4345-964C-2DB3B3E4AF02}.DEBUG_WINAPI|Win32.ActiveCfg = DEBUG_WINAPI|Win32
		{EA0FA066-5554-4345-964C-2DB3B3E4AF02}.DEBUG_WINAPI|Win32.Build.0 = DEBUG_WINAPI|Win32
		{EA0FA066-5554-4345-964C-2DB3B3E4AF02}.Debug|Win32.ActiveCfg = Debug|Win32
		{EA0FA066-5554-4345-964C-2DB3B3E4AF02}.Debug|Win32.Build.0 = Debug|Win32
		{EA0FA066-5554-4345-964C-2DB3B3E4AF02}.RELEASE_DYNAMIC_MFC|Win32.ActiveCfg = RELEASE_DYNAMIC_MFC|Win32
		{EA0FA066-5554-4345-964C-2DB3B3E4AF02}.RELEASE_DYNAMIC_MFC|Win32.Build.0 = RELEASE_DYNAMIC_MFC|Win32
		{EA0FA066-5554-4345-964C-2DB3B3E4AF02}.RELEASE_STATIC_MFC|Win32.ActiveCfg = RELEASE_STATIC_LIB|Win32
		{EA0FA066-5554-4345-964C-2DB3B3E4AF02}.Release|Win32.ActiveCfg = Release|Win32
		{EA0FA066-5554-4345-964C-2DB3B3E4AF02}.Release|Win32.Build.0 = Release|Win32
		{94F5A0A0-909E-4BCC-9E4D-F5C63E138DFE}.DEBUG_DYNAMIC_MFC|Win32.ActiveCfg = DEBUG_DYNAMIC_MFC|Win32
		{94F5A0A0-909E-4BCC-9E4D-F5C63E138DFE}.DEBUG_DYNAMIC_MFC|Win32.Build.0 = DEBUG_DYNAMIC_MFC|Win32
		{94F5A0A0-909E-4BCC-9E4D-F5C63E138DFE}.DEBUG_STATIC_MFC|Win32.ActiveCfg = DEBUG_STATIC_MFC|Win32
		{94F5A0A0-909E-4BCC-9E4D-F5C63E138DFE}.DEBUG_STATIC_MFC|Win32.Build.0 = DEBUG_STATIC_MFC|Win32
		{94F5A0A0-909E-4BCC-9E4D-F5C63E138DFE}.DEBUG_WINAPI|Win32.ActiveCfg = DEBUG_WINAPI|Win32
		{94F5A0A0-909E-4BCC-9E4D-F5C63E138DFE}.DEBUG_WINAPI|Win32.Build.0 = DEBUG_WINAPI|Win32
		{94F5A0A0-909E-4BCC-9E4D-F5C63E138DFE}.Debug|Win32.ActiveCfg = Debug|Win32
		{94F5A0A0-909E-4BCC-9E4D-F5C63E138DFE}.Debug|Win32.Build.0 = Debug|Win32
		{94F5A0A0-909E-4BCC-9E4D-F5C63E138DFE}.RELEASE_DYNAMIC_MFC|Win32.ActiveCfg = RELEASE_DYNAMIC_MFC|Win32
		{94F5A0A0-909E-4BCC-9E4D-F5C63E138DFE}.RELEASE_DYNAMIC_MFC|Win32.Build.0 = RELEASE_DYNAMIC_MFC|Win32
		{94F5A0A0-909E-4BCC-9E4D-F5C63E138DFE}.RELEASE_STATIC_MFC|Win32.ActiveCfg = RELEASE_STATIC_MFC|Win32
		{94F5A0A0-909E-4BCC-9E4D-F5C63E138DFE}.RELEASE_STATIC_MFC|Win32.Build.0 = RELEASE_STATIC_MFC|Win32
		{94F5A0A0-909E-4BCC-9E4D-F5C63E138DFE}.Release|Win32.ActiveCfg = Release|Win32
		{94F5A0A0-909E-4BCC-9E4D-F5C63E138DFE}.Release|Win32.Build.0 = Release|Win32
		{CF97E21B-F317-4ADD-AD01-163263FCD4DF}.DEBUG_DYNAMIC_MFC|Win32.ActiveCfg = DEBUG_DYNAMIC_MFC|Win32
		{CF97E21B-F317-4ADD-AD01-163263FCD4DF}.DEBUG_DYNAMIC_MFC|Win32.Build.0 = DEBUG_DYNAMIC_MFC|Win32
		{CF97E21B-F317-4ADD-AD01-163263FCD4DF}.DEBUG_STATIC_MFC|Win32.ActiveCfg = DEBUG_STATIC_MFC|Win32
		{CF97E21B-F317-4ADD-AD01-163263FCD4DF}.DEBUG_STATIC_MFC|Win32.Build.0 = DEBUG_STATIC_MFC|Win32
		{CF97E21B-F317-4ADD-AD01-163263FCD4DF}.DEBUG_WINAPI|Win32.ActiveCfg = DEBUG_WINAPI|Win32
		{CF97E21B-F317-4ADD-AD01-163263FCD4DF}.DEBUG_WINAPI|Win32.Build.0 = DEBUG_WINAPI|Win32
		{CF97E21B-F317-4ADD-AD01-163263FCD4DF}.Debug|Win32.ActiveCfg = Debug|Win32
		{CF97E21B-F317-4ADD-AD01-163263FCD4DF}.Debug|Win32.Build.0 = Debug|Win32
		{CF97E21B-F317-4ADD-AD01-163263FCD4DF}.RELEASE_DYNAMIC_MFC|Win32.ActiveCfg = RELEASE_DYNAMIC_MFC|Win32
		{CF97E21B-F317-4ADD-AD01-163263FCD4DF}.RELEASE_DYNAMIC_MFC|Win32.Build.0 = RELEASE_DYNAMIC_MFC|Win32
		{CF97E21B-F317-4ADD-AD01-163263FCD4DF}.RELEASE_STATIC_MFC|Win32.ActiveCfg = RELEASE_STATIC_MFC|Win32
		{CF97E21B-F317-4ADD-AD01-163263FCD4DF}.RELEASE_STATIC_MFC|Win32.Build.0 = RELEASE_STATIC_MFC|Win32
		{CF97E21B-F317-4ADD-AD01-163263FCD4DF}.Release|Win32.ActiveCfg = Release|Win32
		{CF97E21B-F317-4ADD-AD01-163263FCD4DF}.Release|Win32.Build.0 = Release|Win32
		{4A0B4A19-92EA-4775-A649-23550EC16C54}.DEBUG_DYNAMIC_MFC|Win32.ActiveCfg = DEBUG_DYNAMIC_MFC|Win32
		{4A0B4A19-92EA-4775-A649-23550EC16C54}.DEBUG_DYNAMIC_MFC|Win32.Build.0 = DEBUG_DYNAMIC_MFC|Win32
		{4A0B4A19-92EA-4775-A649-23550EC16C54}.DEBUG_STATIC_MFC|Win32.ActiveCfg = DEBUG_STATIC_LIB|Win32
		{4A0B4A19-92EA-4775-A649-23550EC16C54}.DEBUG_WINAPI|Win32.ActiveCfg = DEBUG_WINAPI|Win32
		{4A0B4A19-92EA-4775-A649-23550EC16C54}.DEBUG_WINAPI|Win32.Build.0 = DEBUG_WINAPI|Win32
		{4A0B4A19-92EA-4775-A649-23550EC16C54}.Debug|Win32.ActiveCfg = Debug|Win32
		{4A0B4A19-92EA-4775-A649-23550EC16C54}.Debug|Win32.Build.0 = Debug|Win32
		{4A0B4A19-92EA-4775-A649-23550EC16C54}.RELEASE_DYNAMIC_MFC|Win32.ActiveCfg = RELEASE_DYNAMIC_MFC|Win32
		{4A0B4A19-92EA-4775-A649-23550EC16C54}.RELEASE_DYNAMIC_MFC|Win32.Build.0 = RELEASE_DYNAMIC_MFC|Win32
		{4A0B4A19-92EA-4775-A649-23550EC16C54}.RELEASE_STATIC_MFC|Win32.ActiveCfg = RELEASE_STATIC_LIB|Win32
		{4A0B4A19-92EA-4775-A649-23550EC16C54}.RELEASE_STATIC_MFC|Win32.Build.0 = RELEASE_STATIC_LIB|Win32
		{4A0B4A19-92EA-4775-A649-23550EC16C54}.Release|Win32.ActiveCfg = Release|Win32
		{4A0B4A19-92EA-4775-A649-23550EC16C54}.Release|Win32.Build.0 = Release|Win32
		{C0E00B92-29FD-4AB6-858A-E5544F54579D}.DEBUG_DYNAMIC_MFC|Win32.ActiveCfg = DEBUG_DYNAMIC_MFC|Win32
		{C0E00B92-29FD-4AB6-858A-E5544F54579D}.DEBUG_DYNAMIC_MFC|Win32.Build.0 = DEBUG_DYNAMIC_MFC|Win32
		{C0E00B92-29FD-4AB6-858A-E5544F54579D}.DEBUG_STATIC_MFC|Win32.ActiveCfg = DEBUG_STATIC_LIB|Win32
		{C0E00B92-29FD-4AB6-858A-E5544F54579D}.DEBUG_WINAPI|Win32.ActiveCfg = DEBUG_WINAPI|Win32
		{C0E00B92-29FD-4AB6-858A-E5544F54579D}.DEBUG_WINAPI|Win32.Build.0 = DEBUG_WINAPI|Win32
		{C0E00B92-29FD-4AB6-858A-E5544F54579D}.Debug|Win32.ActiveCfg = Debug|Win32
		{C0E00B92-29FD-4AB6-858A-E5544F54579D}.Debug|Win32.Build.0 = Debug|Win32
		{C0E00B92-29FD-4AB6-858A-E5544F54579D}.RELEASE_DYNAMIC_MFC|Win32.ActiveCfg = RELEASE_DYNAMIC_MFC|Win32
		{C0E00B92-29FD-4AB6-858A-E5544F54579D}.RELEASE_DYNAMIC_MFC|Win32.Build.0 = RELEASE_DYNAMIC_MFC|Win32
		{C0E00B92-29FD-4AB6-858A-E5544F54579D}.RELEASE_STATIC_MFC|Win32.ActiveCfg = RELEASE_STATIC_LIB|Win32
		{C0E00B92-29FD-4AB6-858A-E5544F54579D}.RELEASE_STATIC_MFC|Win32.Build.0 = RELEASE_STATIC_LIB|Win32
		{C0E00B92-29FD-4AB6-858A-E5544F54579D}.Release|Win32.ActiveCfg = Release|Win32
		{C0E00B92-29FD-4AB6-858A-E5544F54579D}.Release|Win32.Build.0 = Release|Win32
		{BBD6DE7E-B3A1-4DE0-A2B6-CA84DE964780}.DEBUG_DYNAMIC_MFC|Win32.ActiveCfg = DEBUG_DYNAMIC_MFC|Win32
		{BBD6DE7E-B3A1-4DE0-A2B6-CA84DE964780}.DEBUG_DYNAMIC_MFC|Win32.Build.0 = DEBUG_DYNAMIC_MFC|Win32
		{BBD6DE7E-B3A1-4DE0-A2B6-CA84DE964780}.DEBUG_STATIC_MFC|Win32.ActiveCfg = DEBUG_STATIC_MFC|Win32
		{BBD6DE7E-B3A1-4DE0-A2B6-CA84DE964780}.DEBUG_STATIC_MFC|Win32.Build.0 = DEBUG_STATIC_MFC|Win32
		{BBD6DE7E-B3A1-4DE0-A2B6-CA84DE964780}.DEBUG_WINAPI|Win32.ActiveCfg = DEBUG_WINAPI|Win32
		{BBD6DE7E-B3A1-4DE0-A2B6-CA84DE964780}.DEBUG_WINAPI|Win32.Build.0 = DEBUG_WINAPI|Win32
		{BBD6DE7E-B3A1-4DE0-A2B6-CA84DE964780}.Debug|Win32.ActiveCfg = Debug|Win32
		{BBD6DE7E-B3A1-4DE0-A2B6-CA84DE964780}.Debug|Win32.Build.0 = Debug|Win32
		{BBD6DE7E-B3A1-4DE0-A2B6-CA84DE964780}.RELEASE_DYNAMIC_MFC|Win32.ActiveCfg = RELEASE_DYNAMIC_MFC|Win32
		{BBD6DE7E-B3A1-4DE0-A2B6-CA84DE964780}.RELEASE_DYNAMIC_MFC|Win32.Build.0 = RELEASE_DYNAMIC_MFC|Win32
		{BBD6DE7E-B3A1-4DE0-A2B6-CA84DE964780}.RELEASE_STATIC_MFC|Win32.ActiveCfg = RELEASE_STATIC_MFC|Win32
		{BBD6DE7E-B3A1-4DE0-A2B6-CA84DE964780}.RELEASE_STATIC_MFC|Win32.Build.0 = RELEASE_STATIC_MFC|Win32
		{BBD6DE7E-B3A1-4DE0-A2B6-CA84DE964780}.Release|Win32.ActiveCfg = Release|Win32
		{BBD6DE7E-B3A1-4DE0-A2B6-CA84DE964780}.Release|Win32.Build.0 = Release|Win32
		{47A34A42-3B3D-479D-BBD0-C059030CF04B}.DEBUG_DYNAMIC_MFC|Win32.ActiveCfg = DEBUG_DYNAMIC_MFC|Win32
		{47A34A42-3B3D-479D-BBD0-C059030CF04B}.DEBUG_DYNAMIC_MFC|Win32.Build.0 = DEBUG_DYNAMIC_MFC|Win32
		{47A34A42-3B3D-479D-BBD0-C059030CF04B}.DEBUG_STATIC_MFC|Win32.ActiveCfg = DEBUG_STATIC_MFC|Win32
		{47A34A42-3B3D-479D-BBD0-C059030CF04B}.DEBUG_STATIC_MFC|Win32.Build.0 = DEBUG_STATIC_MFC|Win32
		{47A34A42-3B3D-479D-BBD0-C059030CF04B}.DEBUG_WINAPI|Win32.ActiveCfg = DEBUG_WINAPI|Win32
		{47A34A42-3B3D-479D-BBD0-C059030CF04B}.DEBUG_WINAPI|Win32.Build.0 = DEBUG_WINAPI|Win32
		{47A34A42-3B3D-479D-BBD0-C059030CF04B}.Debug|Win32.ActiveCfg = Debug|Win32
		{47A34A42-3B3D-479D-BBD0-C059030CF04B}.Debug|Win32.Build.0 = Debug|Win32
		{47A34A42-3B3D-479D-BBD0-C059030CF04B}.RELEASE_DYNAMIC_MFC|Win32.ActiveCfg = RELEASE_DYNAMIC_MFC|Win32
		{47A34A42-3B3D-479D-BBD0-C059030CF04B}.RELEASE_DYNAMIC_MFC|Win32.Build.0 = RELEASE_DYNAMIC_MFC|Win32
		{47A34A42-3B3D-479D-BBD0-C059030CF04B}.RELEASE_STATIC_MFC|Win32.ActiveCfg = RELEASE_STATIC_LIB|Win32
		{47A34A42-3B3D-479D-BBD0-C059030CF04B}.RELEASE_STATIC_MFC|Win32.Build.0 = RELEASE_STATIC_LIB|Win32
		{47A34A42-3B3D-479D-BBD0-C059030CF04B}.Release|Win32.ActiveCfg = Release|Win32
		{47A34A42-3B3D-479D-BBD0-C059030CF04B}.Release|Win32.Build.0 = Release|Win32
		{67056069-BC17-47A4-B427-3410C79C1F01}.DEBUG_DYNAMIC_MFC|Win32.ActiveCfg = DEBUG_DYNAMIC_MFC|Win32
		{67056069-BC17-47A4-B427-3410C79C1F01}.DEBUG_DYNAMIC_MFC|Win32.Build.0 = DEBUG_DYNAMIC_MFC|Win32
		{67056069-BC17-47A4-B427-3410C79C1F01}.DEBUG_STATIC_MFC|Win32.ActiveCfg = DEBUG_STATIC_MFC|Win32
		{67056069-BC17-47A4-B427-3410C79C1F01}.DEBUG_WINAPI|Win32.ActiveCfg = DEBUG_WINAPI|Win32
		{67056069-BC17-47A4-B427-3410C79C1F01}.DEBUG_WINAPI|Win32.Build.0 = DEBUG_WINAPI|Win32
		{67056069-BC17-47A4-B427-3410C79C1F01}.Debug|Win32.ActiveCfg = Debug|Win32
		{67056069-BC17-47A4-B427-3410C79C1F01}.Debug|Win32.Build.0 = Debug|Win32
		{67056069-BC17-47A4-B427-3410C79C1F01}.RELEASE_DYNAMIC_MFC|Win32.ActiveCfg = RELEASE_DYNAMIC_MFC|Win32
		{67056069-BC17-47A4-B427-3410C79C1F01}.RELEASE_DYNAMIC_MFC|Win32.Build.0 = RELEASE_DYNAMIC_MFC|Win32
		{67056069-BC17-47A4-B427-3410C79C1F01}.RELEASE_STATIC_MFC|Win32.ActiveCfg = RELEASE_STATIC_MFC|Win32
		{67056069-BC17-47A4-B427-3410C79C1F01}.RELEASE_STATIC_MFC|Win32.Build.0 = RELEASE_STATIC_MFC|Win32
		{67056069-BC17-47A4-B427-3410C79C1F01}.Release|Win32.ActiveCfg = Release|Win32
		{67056069-BC17-47A4-B427-3410C79C1F01}.Release|Win32.Build.0 = Release|Win32
		{EC695F7F-6674-4D0E-ADDE-CBA276BE378C}.DEBUG_DYNAMIC_MFC|Win32.ActiveCfg = DEBUG_STATIC_MFC|Win32
		{EC695F7F-6674-4D0E-ADDE-CBA276BE378C}.DEBUG_DYNAMIC_MFC|Win32.Build.0 = DEBUG_STATIC_MFC|Win32
		{EC695F7F-6674-4D0E-ADDE-CBA276BE378C}.DEBUG_STATIC_MFC|Win32.ActiveCfg = DEBUG_STATIC_MFC|Win32
		{EC695F7F-6674-4D0E-ADDE-CBA276BE378C}.DEBUG_STATIC_MFC|Win32.Build.0 = DEBUG_STATIC_MFC|Win32
		{EC695F7F-6674-4D0E-ADDE-CBA276BE378C}.DEBUG_WINAPI|Win32.ActiveCfg = DEBUG_STATIC_MFC|Win32
		{EC695F7F-6674-4D0E-ADDE-CBA276BE378C}.DEBUG_WINAPI|Win32.Build.0 = DEBUG_STATIC_MFC|Win32
		{EC695F7F-6674-4D0E-ADDE-CBA276BE378C}.Debug|Win32.ActiveCfg = DEBUG_STATIC_MFC|Win32
		{EC695F7F-6674-4D0E-ADDE-CBA276BE378C}.Debug|Win32.Build.0 = DEBUG_STATIC_MFC|Win32
		{EC695F7F-6674-4D0E-ADDE-CBA276BE378C}.RELEASE_DYNAMIC_MFC|Win32.ActiveCfg = RELEASE_STATIC_MFC|Win32
		{EC695F7F-6674-4D0E-ADDE-CBA276BE378C}.RELEASE_DYNAMIC_MFC|Win32.Build.0 = RELEASE_STATIC_MFC|Win32
		{EC695F7F-6674-4D0E-ADDE-CBA276BE378C}.RELEASE_STATIC_MFC|Win32.ActiveCfg = RELEASE_STATIC_MFC|Win32
		{EC695F7F-6674-4D0E-ADDE-CBA276BE378C}.RELEASE_STATIC_MFC|Win32.Build.0 = RELEASE_STATIC_MFC|Win32
		{EC695F7F-6674-4D0E-ADDE-CBA276BE378C}.Release|Win32.ActiveCfg = RELEASE_STATIC_MFC|Win32
		{EC695F7F-6674-4D0E-ADDE-CBA276BE378C}.Release|Win32.Build.0 = RELEASE_STATIC_MFC|Win32
		{350AFF95-8899-4A13-8201-0BF1745F268F}.DEBUG_DYNAMIC_MFC|Win32.ActiveCfg = DEBUG_DYNAMIC_MFC|Win32
		{350AFF95-8899-4A13-8201-0BF1745F268F}.DEBUG_DYNAMIC_MFC|Win32.Build.0 = DEBUG_DYNAMIC_MFC|Win32
		{350AFF95-8899-4A13-8201-0BF1745F268F}.DEBUG_STATIC_MFC|Win32.ActiveCfg = DEBUG_STATIC_LIB|Win32
		{350AFF95-8899-4A13-8201-0BF1745F268F}.DEBUG_WINAPI|Win32.ActiveCfg = DEBUG_WINAPI|Win32
		{350AFF95-8899-4A13-8201-0BF1745F268F}.DEBUG_WINAPI|Win32.Build.0 = DEBUG_WINAPI|Win32
		{350AFF95-8899-4A13-8201-0BF1745F268F}.Debug|Win32.ActiveCfg = Debug|Win32
		{350AFF95-8899-4A13-8201-0BF1745F268F}.Debug|Win32.Build.0 = Debug|Win32
		{350AFF95-8899-4A13-8201-0BF1745F268F}.RELEASE_DYNAMIC_MFC|Win32.ActiveCfg = RELEASE_DYNAMIC_MFC|Win32
		{350AFF95-8899-4A13-8201-0BF1745F268F}.RELEASE_DYNAMIC_MFC|Win32.Build.0 = RELEASE_DYNAMIC_MFC|Win32
		{350AFF95-8899-4A13-8201-0BF1745F268F}.RELEASE_STATIC_MFC|Win32.ActiveCfg = RELEASE_STATIC_LIB|Win32
		{350AFF95-8899-4A13-8201-0BF1745F268F}.RELEASE_STATIC_MFC|Win32.Build.0 = RELEASE_STATIC_LIB|Win32
		{350AFF95-8899-4A13-8201-0BF1745F268F}.Release|Win32.ActiveCfg = Release|Win32
		{350AFF95-8899-4A13-8201-0BF1745F268F}.Release|Win32.Build.0 = Release|Win32
		{1860585C-6441-431F-AA2C-FB9BB07FA5FD}.DEBUG_DYNAMIC_MFC|Win32.ActiveCfg = DEBUG_DYNAMIC_MFC|Win32
		{1860585C-6441-431F-AA2C-FB9BB07FA5FD}.DEBUG_DYNAMIC_MFC|Win32.Build.0 = DEBUG_DYNAMIC_MFC|Win32
		{1860585C-6441-431F-AA2C-FB9BB07FA5FD}.DEBUG_STATIC_MFC|Win32.ActiveCfg = DEBUG_STATIC_MFC|Win32
		{1860585C-6441-431F-AA2C-FB9BB07FA5FD}.DEBUG_STATIC_MFC|Win32.Build.0 = DEBUG_STATIC_MFC|Win32
		{1860585C-6441-431F-AA2C-FB9BB07FA5FD}.DEBUG_WINAPI|Win32.ActiveCfg = DEBUG_WINAPI|Win32
		{1860585C-6441-431F-AA2C-FB9BB07FA5FD}.DEBUG_WINAPI|Win32.Build.0 = DEBUG_WINAPI|Win32
		{1860585C-6441-431F-AA2C-FB9BB07FA5FD}.Debug|Win32.ActiveCfg = Debug|Win32
		{1860585C-6441-431F-AA2C-FB9BB07FA5FD}.Debug|Win32.Build.0 = Debug|Win32
		{1860585C-6441-431F-AA2C-FB9BB07FA5FD}.RELEASE_DYNAMIC_MFC|Win32.ActiveCfg = RELEASE_DYNAMIC_MFC|Win32
		{1860585C-6441-431F-AA2C-FB9BB07FA5FD}.RELEASE_STATIC_MFC|Win32.ActiveCfg = RELEASE_STATIC_MFC|Win32
		{1860585C-6441-431F-AA2C-FB9BB07FA5FD}.RELEASE_STATIC_MFC|Win32.Build.0 = RELEASE_STATIC_MFC|Win32
		{1860585C-6441-431F-AA2C-FB9BB07FA5FD}.Release|Win32.ActiveCfg = Release|Win32
		{1860585C-6441-431F-AA2C-FB9BB07FA5FD}.Release|Win32.Build.0 = Release|Win32
		{86F54075-BC39-43A9-9AB6-2E10F69CED3A}.DEBUG_DYNAMIC_MFC|Win32.ActiveCfg = DEBUG_DYNAMIC_MFC|Win32
		{86F54075-BC39-43A9-9AB6-2E10F69CED3A}.DEBUG_DYNAMIC_MFC|Win32.Build.0 = DEBUG_DYNAMIC_MFC|Win32
		{86F54075-BC39-43A9-9AB6-2E10F69CED3A}.DEBUG_STATIC_MFC|Win32.ActiveCfg = DEBUG_STATIC_MFC|Win32
		{86F54075-BC39-43A9-9AB6-2E10F69CED3A}.DEBUG_STATIC_MFC|Win32.Build.0 = DEBUG_STATIC_MFC|Win32
		{86F54075-BC39-43A9-9AB6-2E10F69CED3A}.DEBUG_WINAPI|Win32.ActiveCfg = DEBUG_WINAPI|Win32
		{86F54075-BC39-43A9-9AB6-2E10F69CED3A}.DEBUG_WINAPI|Win32.Build.0 = DEBUG_WINAPI|Win32
		{86F54075-BC39-43A9-9AB6-2E10F69CED3A}.Debug|Win32.ActiveCfg = Debug|Win32
		{86F54075-BC39-43A9-9AB6-2E10F69CED3A}.Debug|Win32.Build.0 = Debug|Win32
		{86F54075-BC39-43A9-9AB6-2E10F69CED3A}.RELEASE_DYNAMIC_MFC|Win32.ActiveCfg = RELEASE_DYNAMIC_MFC|Win32
		{86F54075-BC39-43A9-9AB6-2E10F69CED3A}.RELEASE_DYNAMIC_MFC|Win32.Build.0 = RELEASE_DYNAMIC_MFC|Win32
		{86F54075-BC39-43A9-9AB6-2E10F69CED3A}.RELEASE_STATIC_MFC|Win32.ActiveCfg = RELEASE_STATIC_MFC|Win32
		{86F54075-BC39-43A9-9AB6-2E10F69CED3A}.RELEASE_STATIC_MFC|Win32.Build.0 = RELEASE_STATIC_MFC|Win32
		{86F54075-BC39-43A9-9AB6-2E10F69CED3A}.Release|Win32.ActiveCfg = Release|Win32
		{86F54075-BC39-43A9-9AB6-2E10F69CED3A}.Release|Win32.Build.0 = Release|Win32
		{D3000980-3565-4E27-9142-C491884E24B1}.DEBUG_DYNAMIC_MFC|Win32.ActiveCfg = DEBUG_STATIC_MFC|Win32
		{D3000980-3565-4E27-9142-C491884E24B1}.DEBUG_DYNAMIC_MFC|Win32.Build.0 = DEBUG_STATIC_MFC|Win32
		{D3000980-3565-4E27-9142-C491884E24B1}.DEBUG_STATIC_MFC|Win32.ActiveCfg = DEBUG_STATIC_MFC|Win32
		{D3000980-3565-4E27-9142-C491884E24B1}.DEBUG_STATIC_MFC|Win32.Build.0 = DEBUG_STATIC_MFC|Win32
		{D3000980-3565-4E27-9142-C491884E24B1}.DEBUG_WINAPI|Win32.ActiveCfg = DEBUG_STATIC_MFC|Win32
		{D3000980-3565-4E27-9142-C491884E24B1}.DEBUG_WINAPI|Win32.Build.0 = DEBUG_STATIC_MFC|Win32
		{D3000980-3565-4E27-9142-C491884E24B1}.Debug|Win32.ActiveCfg = DEBUG_STATIC_MFC|Win32
		{D3000980-3565-4E27-9142-C491884E24B1}.Debug|Win32.Build.0 = DEBUG_STATIC_MFC|Win32
		{D3000980-3565-4E27-9142-C491884E24B1}.RELEASE_DYNAMIC_MFC|Win32.ActiveCfg = RELEASE_STATIC_MFC|Win32
		{D3000980-3565-4E27-9142-C491884E24B1}.RELEASE_DYNAMIC_MFC|Win32.Build.0 = RELEASE_STATIC_MFC|Win32
		{D3000980-3565-4E27-9142-C491884E24B1}.RELEASE_STATIC_MFC|Win32.ActiveCfg = RELEASE_STATIC_MFC|Win32
		{D3000980-3565-4E27-9142-C491884E24B1}.RELEASE_STATIC_MFC|Win32.Build.0 = RELEASE_STATIC_MFC|Win32
		{D3000980-3565-4E27-9142-C491884E24B1}.Release|Win32.ActiveCfg = RELEASE_STATIC_MFC|Win32
		{D3000980-3565-4E27-9142-C491884E24B1}.Release|Win32.Build.0 = RELEASE_STATIC_MFC|Win32
		{79EFF394-75A8-45FA-8F98-10F2ED043628}.DEBUG_DYNAMIC_MFC|Win32.ActiveCfg = Debug|Win32
		{79EFF394-75A8-45FA-8F98-10F2ED043628}.DEBUG_DYNAMIC_MFC|Win32.Build.0 = Debug|Win32
		{79EFF394-75A8-45FA-8F98-10F2ED043628}.DEBUG_STATIC_MFC|Win32.ActiveCfg = Debug|Win32
		{79EFF394-75A8-45FA-8F98-10F2ED043628}.DEBUG_STATIC_MFC|Win32.Build.0 = Debug|Win32
		{79EFF394-75A8-45FA-8F98-10F2ED043628}.DEBUG_WINAPI|Win32.ActiveCfg = Debug|Win32
		{79EFF394-75A8-45FA-8F98-10F2ED043628}.DEBUG_WINAPI|Win32.Build.0 = Debug|Win32
		{79EFF394-75A8-45FA-8F98-10F2ED043628}.Debug|Win32.ActiveCfg = Debug|Win32
		{79EFF394-75A8-45FA-8F98-10F2ED043628}.Debug|Win32.Build.0 = Debug|Win32
		{79EFF394-75A8-45FA-8F98-10F2ED043628}.RELEASE_DYNAMIC_MFC|Win32.ActiveCfg = Release|Win32
		{79EFF394-75A8-45FA-8F98-10F2ED043628}.RELEASE_DYNAMIC_MFC|Win32.Build.0 = Release|Win32
		{79EFF394-75A8-45FA-8F98-10F2ED043628}.RELEASE_STATIC_MFC|Win32.ActiveCfg = Release|Win32
		{79EFF394-75A8-45FA-8F98-10F2ED043628}.RELEASE_STATIC_MFC|Win32.Build.0 = Release|Win32
		{79EFF394-75A8-45FA-8F98-10F2ED043628}.Release|Win32.ActiveCfg = Release|Win32
		{79EFF394-75A8-45FA-8F98-10F2ED043628}.Release|Win32.Build.0 = Release|Win32
		{83166533-A043-4495-8AAE-72CDCABACF02}.DEBUG_DYNAMIC_MFC|Win32.ActiveCfg = Debug|Win32
		{83166533-A043-4495-8AAE-72CDCABACF02}.DEBUG_DYNAMIC_MFC|Win32.Build.0 = Debug|Win32
		{83166533-A043-4495-8AAE-72CDCABACF02}.DEBUG_STATIC_MFC|Win32.ActiveCfg = Debug|Win32
		{83166533-A043-4495-8AAE-72CDCABACF02}.DEBUG_STATIC_MFC|Win32.Build.0 = Debug|Win32
		{83166533-A043-4495-8AAE-72CDCABACF02}.DEBUG_WINAPI|Win32.ActiveCfg = Debug|Win32
		{83166533-A043-4495-8AAE-72CDCABACF02}.DEBUG_WINAPI|Win32.Build.0 = Debug|Win32
		{83166533-A043-4495-8AAE-72CDCABACF02}.Debug|Win32.ActiveCfg = Debug|Win32
		{83166533-A043-4495-8AAE-72CDCABACF02}.Debug|Win32.Build.0 = Debug|Win32
		{83166533-A043-4495-8AAE-72CDCABACF02}.RELEASE_DYNAMIC_MFC|Win32.ActiveCfg = RELEASE_STATIC_MFC|Win32
		{83166533-A043-4495-8AAE-72CDCABACF02}.RELEASE_DYNAMIC_MFC|Win32.Build.0 = RELEASE_STATIC_MFC|Win32
		{83166533-A043-4495-8AAE-72CDCABACF02}.RELEASE_STATIC_MFC|Win32.ActiveCfg = RELEASE_STATIC_MFC|Win32
		{83166533-A043-4495-8AAE-72CDCABACF02}.RELEASE_STATIC_MFC|Win32.Build.0 = RELEASE_STATIC_MFC|Win32
		{83166533-A043-4495-8AAE-72CDCABACF02}.Release|Win32.ActiveCfg = RELEASE_STATIC_MFC|Win32
		{83166533-A043-4495-8AAE-72CDCABACF02}.Release|Win32.Build.0 = RELEASE_STATIC_MFC|Win32
		{2B5E86CF-2804-47A6-B7D6-680167FDECB8}.DEBUG_DYNAMIC_MFC|Win32.ActiveCfg = Debug|Win32
		{2B5E86CF-2804-47A6-B7D6-680167FDECB8}.DEBUG_DYNAMIC_MFC|Win32.Build.0 = Debug|Win32
		{2B5E86CF-2804-47A6-B7D6-680167FDECB8}.DEBUG_STATIC_MFC|Win32.ActiveCfg = Debug|Win32
		{2B5E86CF-2804-47A6-B7D6-680167FDECB8}.DEBUG_STATIC_MFC|Win32.Build.0 = Debug|Win32
		{2B5E86CF-2804-47A6-B7D6-680167FDECB8}.DEBUG_WINAPI|Win32.ActiveCfg = Debug|Win32
		{2B5E86CF-2804-47A6-B7D6-680167FDECB8}.DEBUG_WINAPI|Win32.Build.0 = Debug|Win32
		{2B5E86CF-2804-47A6-B7D6-680167FDECB8}.Debug|Win32.ActiveCfg = Debug|Win32
		{2B5E86CF-2804-47A6-B7D6-680167FDECB8}.Debug|Win32.Build.0 = Debug|Win32
		{2B5E86CF-2804-47A6-B7D6-680167FDECB8}.RELEASE_DYNAMIC_MFC|Win32.ActiveCfg = Release|Win32
		{2B5E86CF-2804-47A6-B7D6-680167FDECB8}.RELEASE_DYNAMIC_MFC|Win32.Build.0 = Release|Win32
		{2B5E86CF-2804-47A6-B7D6-680167FDECB8}.RELEASE_STATIC_MFC|Win32.ActiveCfg = Release|Win32
		{2B5E86CF-2804-47A6-B7D6-680167FDECB8}.RELEASE_STATIC_MFC|Win32.Build.0 = Release|Win32
		{2B5E86CF-2804-47A6-B7D6-680167FDECB8}.Release|Win32.ActiveCfg = Release|Win32
		{2B5E86CF-2804-47A6-B7D6-680167FDECB8}.Release|Win32.Build.0 = Release|Win32
		{17027D54-30BE-4C1F-A1EB-3E07C49F2DF5}.DEBUG_DYNAMIC_MFC|Win32.ActiveCfg = Debug|Win32
		{17027D54-30BE-4C1F-A1EB-3E07C49F2DF5}.DEBUG_DYNAMIC_MFC|Win32.Build.0 = Debug|Win32
		{17027D54-30BE-4C1F-A1EB-3E07C49F2DF5}.DEBUG_STATIC_MFC|Win32.ActiveCfg = Debug|Win32
		{17027D54-30BE-4C1F-A1EB-3E07C49F2DF5}.DEBUG_STATIC_MFC|Win32.Build.0 = Debug|Win32
		{17027D54-30BE-4C1F-A1EB-3E07C49F2DF5}.DEBUG_WINAPI|Win32.ActiveCfg = Debug|Win32
		{17027D54-30BE-4C1F-A1EB-3E07C49F2DF5}.DEBUG_WINAPI|Win32.Build.0 = Debug|Win32
		{17027D54-30BE-4C1F-A1EB-3E07C49F2DF5}.Debug|Win32.ActiveCfg = Debug|Win32
		{17027D54-30BE-4C1F-A1EB-3E07C49F2DF5}.Debug|Win32.Build.0 = Debug|Win32
		{17027D54-30BE-4C1F-A1EB-3E07C49F2DF5}.RELEASE_DYNAMIC_MFC|Win32.ActiveCfg = Release|Win32
		{17027D54-30BE-4C1F-A1EB-3E07C49F2DF5}.RELEASE_DYNAMIC_MFC|Win32.Build.0 = Release|Win32
		{17027D54-30BE-4C1F-A1EB-3E07C49F2DF5}.RELEASE_STATIC_MFC|Win32.ActiveCfg = Release|Win32
		{17027D54-30BE-4C1F-A1EB-3E07C49F2DF5}.RELEASE_STATIC_MFC|Win32.Build.0 = Release|Win32
		{17027D54-30BE-4C1F-A1EB-3E07C49F2DF5}.Release|Win32.ActiveCfg = Release|Win32
		{17027D54-30BE-4C1F-A1EB-3E07C49F2DF5}.Release|Win32.Build.0 = Release|Win32
		{0D0948AB-310D-4633-B98E-276079AB752A}.DEBUG_DYNAMIC_MFC|Win32.ActiveCfg = Debug|Win32
		{0D0948AB-310D-4633-B98E-276079AB752A}.DEBUG_DYNAMIC_MFC|Win32.Build.0 = Debug|Win32
		{0D0948AB-310D-4633-B98E-276079AB752A}.DEBUG_STATIC_MFC|Win32.ActiveCfg = Debug|Win32
		{0D0948AB-310D-4633-B98E-276079AB752A}.DEBUG_STATIC_MFC|Win32.Build.0 = Debug|Win32
		{0D0948AB-310D-4633-B98E-276079AB752A}.DEBUG_WINAPI|Win32.ActiveCfg = Debug|Win32
		{0D0948AB-310D-4633-B98E-276079AB752A}.DEBUG_WINAPI|Win32.Build.0 = Debug|Win32
		{0D0948AB-310D-4633-B98E-276079AB752A}.Debug|Win32.ActiveCfg = Debug|Win32
		{0D0948AB-310D-4633-B98E-276079AB752A}.Debug|Win32.Build.0 = Debug|Win32
		{0D0948AB-310D-4633-B98E-276079AB752A}.RELEASE_DYNAMIC_MFC|Win32.ActiveCfg = Release|Win32
		{0D0948AB-310D-4633-B98E-276079AB752A}.RELEASE_DYNAMIC_MFC|Win32.Build.0 = Release|Win32
		{0D0948AB-310D-4633-B98E-276079AB752A}.RELEASE_STATIC_MFC|Win32.ActiveCfg = Release|Win32
		{0D0948AB-310D-4633-B98E-276079AB752A}.RELEASE_STATIC_MFC|Win32.Build.0 = Release|Win32
		{0D0948AB-310D-4633-B98E-276079AB752A}.Release|Win32.ActiveCfg = Release|Win32
		{0D0948AB-310D-4633-B98E-276079AB752A}.Release|Win32.Build.0 = Release|Win32
		{5B0E3B08-1453-4900-9D0D-5312FB490114}.DEBUG_DYNAMIC_MFC|Win32.ActiveCfg = Debug|Win32
		{5B0E3B08-1453-4900-9D0D-5312FB490114}.DEBUG_DYNAMIC_MFC|Win32.Build.0 = Debug|Win32
		{5B0E3B08-1453-4900-9D0D-5312FB490114}.DEBUG_STATIC_MFC|Win32.ActiveCfg = Debug|Win32
		{5B0E3B08-1453-4900-9D0D-5312FB490114}.DEBUG_STATIC_MFC|Win32.Build.0 = Debug|Win32
		{5B0E3B08-1453-4900-9D0D-5312FB490114}.DEBUG_WINAPI|Win32.ActiveCfg = Debug|Win32
		{5B0E3B08-1453-4900-9D0D-5312FB490114}.DEBUG_WINAPI|Win32.Build.0 = Debug|Win32
		{5B0E3B08-1453-4900-9D0D-5312FB490114}.Debug|Win32.ActiveCfg = Debug|Win32
		{5B0E3B08-1453-4900-9D0D-5312FB490114}.Debug|Win32.Build.0 = Debug|Win32
		{5B0E3B08-1453-4900-9D0D-5312FB490114}.RELEASE_DYNAMIC_MFC|Win32.ActiveCfg = Release|Win32
		{5B0E3B08-1453-4900-9D0D-5312FB490114}.RELEASE_DYNAMIC_MFC|Win32.Build.0 = Release|Win32
		{5B0E3B08-1453-4900-9D0D-5312FB490114}.RELEASE_STATIC_MFC|Win32.ActiveCfg = Release|Win32
		{5B0E3B08-1453-4900-9D0D-5312FB490114}.RELEASE_STATIC_MFC|Win32.Build.0 = Release|Win32
		{5B0E3B08-1453-4900-9D0D-5312FB490114}.Release|Win32.ActiveCfg = Release|Win32
		{5B0E3B08-1453-4900-9D0D-5312FB490114}.Release|Win32.Build.0 = Release|Win32
		{3C1962A1-10AA-4D7C-B59A-D29CA5EB387D}.DEBUG_DYNAMIC_MFC|Win32.ActiveCfg = Debug|Win32
		{3C1962A1-10AA-4D7C-B59A-D29CA5EB387D}.DEBUG_DYNAMIC_MFC|Win32.Build.0 = Debug|Win32
		{3C1962A1-10AA-4D7C-B59A-D29CA5EB387D}.DEBUG_STATIC_MFC|Win32.ActiveCfg = Debug|Win32
		{3C1962A1-10AA-4D7C-B59A-D29CA5EB387D}.DEBUG_STATIC_MFC|Win32.Build.0 = Debug|Win32
		{3C1962A1-10AA-4D7C-B59A-D29CA5EB387D}.DEBUG_WINAPI|Win32.ActiveCfg = Debug|Win32
		{3C1962A1-10AA-4D7C-B59A-D29CA5EB387D}.DEBUG_WINAPI|Win32.Build.0 = Debug|Win32
		{3C1962A1-10AA-4D7C-B59A-D29CA5EB387D}.Debug|Win32.ActiveCfg = Debug|Win32
		{3C1962A1-10AA-4D7C-B59A-D29CA5EB387D}.Debug|Win32.Build.0 = Debug|Win32
		{3C1962A1-10AA-4D7C-B59A-D29CA5EB387D}.RELEASE_DYNAMIC_MFC|Win32.ActiveCfg = Release|Win32
		{3C1962A1-10AA-4D7C-B59A-D29CA5EB387D}.RELEASE_DYNAMIC_MFC|Win32.Build.0 = Release|Win32
		{3C1962A1-10AA-4D7C-B59A-D29CA5EB387D}.RELEASE_STATIC_MFC|Win32.ActiveCfg = Release|Win32
		{3C1962A1-10AA-4D7C-B59A-D29CA5EB387D}.RELEASE_STATIC_MFC|Win32.Build.0 = Release|Win32
		{3C1962A1-10AA-4D7C-B59A-D29CA5EB387D}.Release|Win32.ActiveCfg = Release|Win32
		{3C1962A1-10AA-4D7C-B59A-D29CA5EB387D}.Release|Win32.Build.0 = Release|Win32
		{63E014E8-E2DF-47BB-A681-7AC7C17B7CBF}.DEBUG_DYNAMIC_MFC|Win32.ActiveCfg = Debug|Win32
		{63E014E8-E2DF-47BB-A681-7AC7C17B7CBF}.DEBUG_STATIC_MFC|Win32.ActiveCfg = Debug|Win32
		{63E014E8-E2DF-47BB-A681-7AC7C17B7CBF}.DEBUG_WINAPI|Win32.ActiveCfg = Debug|Win32
		{63E014E8-E2DF-47BB-A681-7AC7C17B7CBF}.Debug|Win32.ActiveCfg = Debug|Win32
		{63E014E8-E2DF-47BB-A681-7AC7C17B7CBF}.RELEASE_DYNAMIC_MFC|Win32.ActiveCfg = Release|Win32
		{63E014E8-E2DF-47BB-A681-7AC7C17B7CBF}.RELEASE_STATIC_MFC|Win32.ActiveCfg = Release|Win32
		{63E014E8-E2DF-47BB-A681-7AC7C17B7CBF}.Release|Win32.ActiveCfg = Release|Win32
		{D29D886B-A309-470B-A20A-606208553CF2}.DEBUG_DYNAMIC_MFC|Win32.ActiveCfg = Debug|Win32
		{D29D886B-A309-470B-A20A-606208553CF2}.DEBUG_DYNAMIC_MFC|Win32.Build.0 = Debug|Win32
		{D29D886B-A309-470B-A20A-606208553CF2}.DEBUG_STATIC_MFC|Win32.ActiveCfg = Debug|Win32
		{D29D886B-A309-470B-A20A-606208553CF2}.DEBUG_STATIC_MFC|Win32.Build.0 = Debug|Win32
		{D29D886B-A309-470B-A20A-606208553CF2}.DEBUG_WINAPI|Win32.ActiveCfg = Debug|Win32
		{D29D886B-A309-470B-A20A-606208553CF2}.DEBUG_WINAPI|Win32.Build.0 = Debug|Win32
		{D29D886B-A309-470B-A20A-606208553CF2}.Debug|Win32.ActiveCfg = Debug|Win32
		{D29D886B-A309-470B-A20A-606208553CF2}.Debug|Win32.Build.0 = Debug|Win32
		{D29D886B-A309-470B-A20A-606208553CF2}.RELEASE_DYNAMIC_MFC|Win32.ActiveCfg = Release|Win32
		{D29D886B-A309-470B-A20A-606208553CF2}.RELEASE_DYNAMIC_MFC|Win32.Build.0 = Release|Win32
		{D29D886B-A309-470B-A20A-606208553CF2}.RELEASE_STATIC_MFC|Win32.ActiveCfg = Release|Win32
		{D29D886B-A309-470B-A20A-606208553CF2}.RELEASE_STATIC_MFC|Win32.Build.0 = Release|Win32
		{D29D886B-A309-470B-A20A-606208553CF2}.Release|Win32.ActiveCfg = Release|Win32
		{D29D886B-A309-470B-A20A-606208553CF2}.Release|Win32.Build.0 = Release|Win32
	EndGlobalSection
	GlobalSection(SolutionProperties) = preSolution
		HideSolutionNode = FALSE
	EndGlobalSection
EndGlobal
