
Microsoft Visual Studio Solution File, Format Version 10.00
# Visual Studio 2008
Project("{8BC9CEB8-8B4A-11D0-8D11-00A0C91BC942}") = "hello_opencv", "hello_opencv\hello_opencv.vcproj", "{14567748-5D65-4B26-835C-535477B477C7}"
	ProjectSection(ProjectDependencies) = postProject
		{00EA8059-4E82-4EE0-9C41-8BD174ED12B9} = {00EA8059-4E82-4EE0-9C41-8BD174ED12B9}
		{86F54075-BC39-43A9-9AB6-2E10F69CED3A} = {86F54075-BC39-43A9-9AB6-2E10F69CED3A}
		{32D8ADF6-C40E-45E1-8AD6-D4DFE4F1D9AB} = {32D8ADF6-C40E-45E1-8AD6-D4DFE4F1D9AB}
	EndProjectSection
EndProject
Project("{8BC9CEB8-8B4A-11D0-8D11-00A0C91BC942}") = "jcapp", "..\..\jcvos\jcapp\jcapp.vcproj", "{86F54075-BC39-43A9-9AB6-2E10F69CED3A}"
EndProject
Project("{8BC9CEB8-8B4A-11D0-8D11-00A0C91BC942}") = "jcparam", "..\..\jcvos\jcparam\jcparam.vcproj", "{00EA8059-4E82-4EE0-9C41-8BD174ED12B9}"
EndProject
Project("{8BC9CEB8-8B4A-11D0-8D11-00A0C91BC942}") = "stdext", "..\..\jcvos\stdext\stdext.vcproj", "{32D8ADF6-C40E-45E1-8AD6-D4DFE4F1D9AB}"
EndProject
Global
	GlobalSection(SolutionConfigurationPlatforms) = preSolution
		DEBUG_DYNAMIC_MFC|Win32 = DEBUG_DYNAMIC_MFC|Win32
		DEBUG_DYNAMIC_MFC|x64 = DEBUG_DYNAMIC_MFC|x64
		DEBUG_STATIC_MFC|Win32 = DEBUG_STATIC_MFC|Win32
		DEBUG_STATIC_MFC|x64 = DEBUG_STATIC_MFC|x64
		DEBUG_WINAPI|Win32 = DEBUG_WINAPI|Win32
		DEBUG_WINAPI|x64 = DEBUG_WINAPI|x64
		Debug|Win32 = Debug|Win32
		Debug|x64 = Debug|x64
		RELEASE_DYNAMIC_MFC|Win32 = RELEASE_DYNAMIC_MFC|Win32
		RELEASE_DYNAMIC_MFC|x64 = RELEASE_DYNAMIC_MFC|x64
		RELEASE_STATIC_MFC|Win32 = RELEASE_STATIC_MFC|Win32
		RELEASE_STATIC_MFC|x64 = RELEASE_STATIC_MFC|x64
		RELEASE_WINAPI|Win32 = RELEASE_WINAPI|Win32
		RELEASE_WINAPI|x64 = RELEASE_WINAPI|x64
		Release|Win32 = Release|Win32
		Release|x64 = Release|x64
	EndGlobalSection
	GlobalSection(ProjectConfigurationPlatforms) = postSolution
		{14567748-5D65-4B26-835C-535477B477C7}.DEBUG_DYNAMIC_MFC|Win32.ActiveCfg = DEBUG_WINAPI|Win32
		{14567748-5D65-4B26-835C-535477B477C7}.DEBUG_DYNAMIC_MFC|Win32.Build.0 = DEBUG_WINAPI|Win32
		{14567748-5D65-4B26-835C-535477B477C7}.DEBUG_DYNAMIC_MFC|x64.ActiveCfg = DEBUG_WINAPI|Win32
		{14567748-5D65-4B26-835C-535477B477C7}.DEBUG_STATIC_MFC|Win32.ActiveCfg = DEBUG_WINAPI|Win32
		{14567748-5D65-4B26-835C-535477B477C7}.DEBUG_STATIC_MFC|Win32.Build.0 = DEBUG_WINAPI|Win32
		{14567748-5D65-4B26-835C-535477B477C7}.DEBUG_STATIC_MFC|x64.ActiveCfg = DEBUG_WINAPI|Win32
		{14567748-5D65-4B26-835C-535477B477C7}.DEBUG_WINAPI|Win32.ActiveCfg = DEBUG_WINAPI|Win32
		{14567748-5D65-4B26-835C-535477B477C7}.DEBUG_WINAPI|Win32.Build.0 = DEBUG_WINAPI|Win32
		{14567748-5D65-4B26-835C-535477B477C7}.DEBUG_WINAPI|x64.ActiveCfg = DEBUG_WINAPI|Win32
		{14567748-5D65-4B26-835C-535477B477C7}.Debug|Win32.ActiveCfg = DEBUG_WINAPI|Win32
		{14567748-5D65-4B26-835C-535477B477C7}.Debug|Win32.Build.0 = DEBUG_WINAPI|Win32
		{14567748-5D65-4B26-835C-535477B477C7}.Debug|x64.ActiveCfg = DEBUG_WINAPI|Win32
		{14567748-5D65-4B26-835C-535477B477C7}.RELEASE_DYNAMIC_MFC|Win32.ActiveCfg = Release|Win32
		{14567748-5D65-4B26-835C-535477B477C7}.RELEASE_DYNAMIC_MFC|Win32.Build.0 = Release|Win32
		{14567748-5D65-4B26-835C-535477B477C7}.RELEASE_DYNAMIC_MFC|x64.ActiveCfg = Release|Win32
		{14567748-5D65-4B26-835C-535477B477C7}.RELEASE_STATIC_MFC|Win32.ActiveCfg = Release|Win32
		{14567748-5D65-4B26-835C-535477B477C7}.RELEASE_STATIC_MFC|Win32.Build.0 = Release|Win32
		{14567748-5D65-4B26-835C-535477B477C7}.RELEASE_STATIC_MFC|x64.ActiveCfg = Release|Win32
		{14567748-5D65-4B26-835C-535477B477C7}.RELEASE_WINAPI|Win32.ActiveCfg = Release|Win32
		{14567748-5D65-4B26-835C-535477B477C7}.RELEASE_WINAPI|Win32.Build.0 = Release|Win32
		{14567748-5D65-4B26-835C-535477B477C7}.RELEASE_WINAPI|x64.ActiveCfg = Release|Win32
		{14567748-5D65-4B26-835C-535477B477C7}.Release|Win32.ActiveCfg = Release|Win32
		{14567748-5D65-4B26-835C-535477B477C7}.Release|Win32.Build.0 = Release|Win32
		{14567748-5D65-4B26-835C-535477B477C7}.Release|x64.ActiveCfg = Release|Win32
		{86F54075-BC39-43A9-9AB6-2E10F69CED3A}.DEBUG_DYNAMIC_MFC|Win32.ActiveCfg = DEBUG_DYNAMIC_MFC|Win32
		{86F54075-BC39-43A9-9AB6-2E10F69CED3A}.DEBUG_DYNAMIC_MFC|Win32.Build.0 = DEBUG_DYNAMIC_MFC|Win32
		{86F54075-BC39-43A9-9AB6-2E10F69CED3A}.DEBUG_DYNAMIC_MFC|x64.ActiveCfg = DEBUG_DYNAMIC_MFC|x64
		{86F54075-BC39-43A9-9AB6-2E10F69CED3A}.DEBUG_DYNAMIC_MFC|x64.Build.0 = DEBUG_DYNAMIC_MFC|x64
		{86F54075-BC39-43A9-9AB6-2E10F69CED3A}.DEBUG_STATIC_MFC|Win32.ActiveCfg = DEBUG_STATIC_MFC|Win32
		{86F54075-BC39-43A9-9AB6-2E10F69CED3A}.DEBUG_STATIC_MFC|Win32.Build.0 = DEBUG_STATIC_MFC|Win32
		{86F54075-BC39-43A9-9AB6-2E10F69CED3A}.DEBUG_STATIC_MFC|x64.ActiveCfg = DEBUG_STATIC_MFC|x64
		{86F54075-BC39-43A9-9AB6-2E10F69CED3A}.DEBUG_STATIC_MFC|x64.Build.0 = DEBUG_STATIC_MFC|x64
		{86F54075-BC39-43A9-9AB6-2E10F69CED3A}.DEBUG_WINAPI|Win32.ActiveCfg = DEBUG_WINAPI|Win32
		{86F54075-BC39-43A9-9AB6-2E10F69CED3A}.DEBUG_WINAPI|Win32.Build.0 = DEBUG_WINAPI|Win32
		{86F54075-BC39-43A9-9AB6-2E10F69CED3A}.DEBUG_WINAPI|x64.ActiveCfg = DEBUG_WINAPI|x64
		{86F54075-BC39-43A9-9AB6-2E10F69CED3A}.DEBUG_WINAPI|x64.Build.0 = DEBUG_WINAPI|x64
		{86F54075-BC39-43A9-9AB6-2E10F69CED3A}.Debug|Win32.ActiveCfg = DEBUG_WINAPI|Win32
		{86F54075-BC39-43A9-9AB6-2E10F69CED3A}.Debug|x64.ActiveCfg = DEBUG_WINAPI|x64
		{86F54075-BC39-43A9-9AB6-2E10F69CED3A}.Debug|x64.Build.0 = DEBUG_WINAPI|x64
		{86F54075-BC39-43A9-9AB6-2E10F69CED3A}.RELEASE_DYNAMIC_MFC|Win32.ActiveCfg = RELEASE_DYNAMIC_MFC|Win32
		{86F54075-BC39-43A9-9AB6-2E10F69CED3A}.RELEASE_DYNAMIC_MFC|Win32.Build.0 = RELEASE_DYNAMIC_MFC|Win32
		{86F54075-BC39-43A9-9AB6-2E10F69CED3A}.RELEASE_DYNAMIC_MFC|x64.ActiveCfg = RELEASE_DYNAMIC_MFC|x64
		{86F54075-BC39-43A9-9AB6-2E10F69CED3A}.RELEASE_DYNAMIC_MFC|x64.Build.0 = RELEASE_DYNAMIC_MFC|x64
		{86F54075-BC39-43A9-9AB6-2E10F69CED3A}.RELEASE_STATIC_MFC|Win32.ActiveCfg = RELEASE_STATIC_MFC|Win32
		{86F54075-BC39-43A9-9AB6-2E10F69CED3A}.RELEASE_STATIC_MFC|Win32.Build.0 = RELEASE_STATIC_MFC|Win32
		{86F54075-BC39-43A9-9AB6-2E10F69CED3A}.RELEASE_STATIC_MFC|x64.ActiveCfg = RELEASE_STATIC_MFC|x64
		{86F54075-BC39-43A9-9AB6-2E10F69CED3A}.RELEASE_STATIC_MFC|x64.Build.0 = RELEASE_STATIC_MFC|x64
		{86F54075-BC39-43A9-9AB6-2E10F69CED3A}.RELEASE_WINAPI|Win32.ActiveCfg = RELEASE_WINAPI|Win32
		{86F54075-BC39-43A9-9AB6-2E10F69CED3A}.RELEASE_WINAPI|Win32.Build.0 = RELEASE_WINAPI|Win32
		{86F54075-BC39-43A9-9AB6-2E10F69CED3A}.RELEASE_WINAPI|x64.ActiveCfg = RELEASE_WINAPI|x64
		{86F54075-BC39-43A9-9AB6-2E10F69CED3A}.RELEASE_WINAPI|x64.Build.0 = RELEASE_WINAPI|x64
		{86F54075-BC39-43A9-9AB6-2E10F69CED3A}.Release|Win32.ActiveCfg = RELEASE_STATIC_MFC|x64
		{86F54075-BC39-43A9-9AB6-2E10F69CED3A}.Release|x64.ActiveCfg = RELEASE_STATIC_MFC|x64
		{86F54075-BC39-43A9-9AB6-2E10F69CED3A}.Release|x64.Build.0 = RELEASE_STATIC_MFC|x64
		{00EA8059-4E82-4EE0-9C41-8BD174ED12B9}.DEBUG_DYNAMIC_MFC|Win32.ActiveCfg = DEBUG_DYNAMIC_MFC|Win32
		{00EA8059-4E82-4EE0-9C41-8BD174ED12B9}.DEBUG_DYNAMIC_MFC|Win32.Build.0 = DEBUG_DYNAMIC_MFC|Win32
		{00EA8059-4E82-4EE0-9C41-8BD174ED12B9}.DEBUG_DYNAMIC_MFC|x64.ActiveCfg = DEBUG_DYNAMIC_MFC|x64
		{00EA8059-4E82-4EE0-9C41-8BD174ED12B9}.DEBUG_DYNAMIC_MFC|x64.Build.0 = DEBUG_DYNAMIC_MFC|x64
		{00EA8059-4E82-4EE0-9C41-8BD174ED12B9}.DEBUG_STATIC_MFC|Win32.ActiveCfg = DEBUG_STATIC_MFC|Win32
		{00EA8059-4E82-4EE0-9C41-8BD174ED12B9}.DEBUG_STATIC_MFC|Win32.Build.0 = DEBUG_STATIC_MFC|Win32
		{00EA8059-4E82-4EE0-9C41-8BD174ED12B9}.DEBUG_STATIC_MFC|x64.ActiveCfg = DEBUG_STATIC_MFC|x64
		{00EA8059-4E82-4EE0-9C41-8BD174ED12B9}.DEBUG_STATIC_MFC|x64.Build.0 = DEBUG_STATIC_MFC|x64
		{00EA8059-4E82-4EE0-9C41-8BD174ED12B9}.DEBUG_WINAPI|Win32.ActiveCfg = DEBUG_WINAPI|Win32
		{00EA8059-4E82-4EE0-9C41-8BD174ED12B9}.DEBUG_WINAPI|Win32.Build.0 = DEBUG_WINAPI|Win32
		{00EA8059-4E82-4EE0-9C41-8BD174ED12B9}.DEBUG_WINAPI|x64.ActiveCfg = DEBUG_WINAPI|x64
		{00EA8059-4E82-4EE0-9C41-8BD174ED12B9}.DEBUG_WINAPI|x64.Build.0 = DEBUG_WINAPI|x64
		{00EA8059-4E82-4EE0-9C41-8BD174ED12B9}.Debug|Win32.ActiveCfg = DEBUG_WINAPI|Win32
		{00EA8059-4E82-4EE0-9C41-8BD174ED12B9}.Debug|x64.ActiveCfg = DEBUG_WINAPI|x64
		{00EA8059-4E82-4EE0-9C41-8BD174ED12B9}.Debug|x64.Build.0 = DEBUG_WINAPI|x64
		{00EA8059-4E82-4EE0-9C41-8BD174ED12B9}.RELEASE_DYNAMIC_MFC|Win32.ActiveCfg = RELEASE_DYNAMIC_MFC|Win32
		{00EA8059-4E82-4EE0-9C41-8BD174ED12B9}.RELEASE_DYNAMIC_MFC|Win32.Build.0 = RELEASE_DYNAMIC_MFC|Win32
		{00EA8059-4E82-4EE0-9C41-8BD174ED12B9}.RELEASE_DYNAMIC_MFC|x64.ActiveCfg = RELEASE_DYNAMIC_MFC|x64
		{00EA8059-4E82-4EE0-9C41-8BD174ED12B9}.RELEASE_DYNAMIC_MFC|x64.Build.0 = RELEASE_DYNAMIC_MFC|x64
		{00EA8059-4E82-4EE0-9C41-8BD174ED12B9}.RELEASE_STATIC_MFC|Win32.ActiveCfg = RELEASE_STATIC_MFC|Win32
		{00EA8059-4E82-4EE0-9C41-8BD174ED12B9}.RELEASE_STATIC_MFC|Win32.Build.0 = RELEASE_STATIC_MFC|Win32
		{00EA8059-4E82-4EE0-9C41-8BD174ED12B9}.RELEASE_STATIC_MFC|x64.ActiveCfg = RELEASE_STATIC_MFC|x64
		{00EA8059-4E82-4EE0-9C41-8BD174ED12B9}.RELEASE_STATIC_MFC|x64.Build.0 = RELEASE_STATIC_MFC|x64
		{00EA8059-4E82-4EE0-9C41-8BD174ED12B9}.RELEASE_WINAPI|Win32.ActiveCfg = RELEASE_WINAPI|Win32
		{00EA8059-4E82-4EE0-9C41-8BD174ED12B9}.RELEASE_WINAPI|Win32.Build.0 = RELEASE_WINAPI|Win32
		{00EA8059-4E82-4EE0-9C41-8BD174ED12B9}.RELEASE_WINAPI|x64.ActiveCfg = RELEASE_WINAPI|x64
		{00EA8059-4E82-4EE0-9C41-8BD174ED12B9}.RELEASE_WINAPI|x64.Build.0 = RELEASE_WINAPI|x64
		{00EA8059-4E82-4EE0-9C41-8BD174ED12B9}.Release|Win32.ActiveCfg = RELEASE_WINAPI|x64
		{00EA8059-4E82-4EE0-9C41-8BD174ED12B9}.Release|x64.ActiveCfg = RELEASE_WINAPI|x64
		{00EA8059-4E82-4EE0-9C41-8BD174ED12B9}.Release|x64.Build.0 = RELEASE_WINAPI|x64
		{32D8ADF6-C40E-45E1-8AD6-D4DFE4F1D9AB}.DEBUG_DYNAMIC_MFC|Win32.ActiveCfg = DEBUG_DYNAMIC_MFC|Win32
		{32D8ADF6-C40E-45E1-8AD6-D4DFE4F1D9AB}.DEBUG_DYNAMIC_MFC|Win32.Build.0 = DEBUG_DYNAMIC_MFC|Win32
		{32D8ADF6-C40E-45E1-8AD6-D4DFE4F1D9AB}.DEBUG_DYNAMIC_MFC|x64.ActiveCfg = DEBUG_DYNAMIC_MFC|x64
		{32D8ADF6-C40E-45E1-8AD6-D4DFE4F1D9AB}.DEBUG_DYNAMIC_MFC|x64.Build.0 = DEBUG_DYNAMIC_MFC|x64
		{32D8ADF6-C40E-45E1-8AD6-D4DFE4F1D9AB}.DEBUG_STATIC_MFC|Win32.ActiveCfg = DEBUG_STATIC_MFC|Win32
		{32D8ADF6-C40E-45E1-8AD6-D4DFE4F1D9AB}.DEBUG_STATIC_MFC|Win32.Build.0 = DEBUG_STATIC_MFC|Win32
		{32D8ADF6-C40E-45E1-8AD6-D4DFE4F1D9AB}.DEBUG_STATIC_MFC|x64.ActiveCfg = DEBUG_STATIC_MFC|x64
		{32D8ADF6-C40E-45E1-8AD6-D4DFE4F1D9AB}.DEBUG_STATIC_MFC|x64.Build.0 = DEBUG_STATIC_MFC|x64
		{32D8ADF6-C40E-45E1-8AD6-D4DFE4F1D9AB}.DEBUG_WINAPI|Win32.ActiveCfg = DEBUG_WINAPI|Win32
		{32D8ADF6-C40E-45E1-8AD6-D4DFE4F1D9AB}.DEBUG_WINAPI|Win32.Build.0 = DEBUG_WINAPI|Win32
		{32D8ADF6-C40E-45E1-8AD6-D4DFE4F1D9AB}.DEBUG_WINAPI|x64.ActiveCfg = DEBUG_WINAPI|x64
		{32D8ADF6-C40E-45E1-8AD6-D4DFE4F1D9AB}.DEBUG_WINAPI|x64.Build.0 = DEBUG_WINAPI|x64
		{32D8ADF6-C40E-45E1-8AD6-D4DFE4F1D9AB}.Debug|Win32.ActiveCfg = DEBUG_WINAPI|Win32
		{32D8ADF6-C40E-45E1-8AD6-D4DFE4F1D9AB}.Debug|x64.ActiveCfg = DEBUG_WINAPI|x64
		{32D8ADF6-C40E-45E1-8AD6-D4DFE4F1D9AB}.Debug|x64.Build.0 = DEBUG_WINAPI|x64
		{32D8ADF6-C40E-45E1-8AD6-D4DFE4F1D9AB}.RELEASE_DYNAMIC_MFC|Win32.ActiveCfg = RELEASE_DYNAMIC_MFC|Win32
		{32D8ADF6-C40E-45E1-8AD6-D4DFE4F1D9AB}.RELEASE_DYNAMIC_MFC|Win32.Build.0 = RELEASE_DYNAMIC_MFC|Win32
		{32D8ADF6-C40E-45E1-8AD6-D4DFE4F1D9AB}.RELEASE_DYNAMIC_MFC|x64.ActiveCfg = RELEASE_DYNAMIC_MFC|x64
		{32D8ADF6-C40E-45E1-8AD6-D4DFE4F1D9AB}.RELEASE_DYNAMIC_MFC|x64.Build.0 = RELEASE_DYNAMIC_MFC|x64
		{32D8ADF6-C40E-45E1-8AD6-D4DFE4F1D9AB}.RELEASE_STATIC_MFC|Win32.ActiveCfg = RELEASE_STATIC_MFC|Win32
		{32D8ADF6-C40E-45E1-8AD6-D4DFE4F1D9AB}.RELEASE_STATIC_MFC|Win32.Build.0 = RELEASE_STATIC_MFC|Win32
		{32D8ADF6-C40E-45E1-8AD6-D4DFE4F1D9AB}.RELEASE_STATIC_MFC|x64.ActiveCfg = RELEASE_STATIC_MFC|x64
		{32D8ADF6-C40E-45E1-8AD6-D4DFE4F1D9AB}.RELEASE_STATIC_MFC|x64.Build.0 = RELEASE_STATIC_MFC|x64
		{32D8ADF6-C40E-45E1-8AD6-D4DFE4F1D9AB}.RELEASE_WINAPI|Win32.ActiveCfg = RELEASE_WINAPI|Win32
		{32D8ADF6-C40E-45E1-8AD6-D4DFE4F1D9AB}.RELEASE_WINAPI|Win32.Build.0 = RELEASE_WINAPI|Win32
		{32D8ADF6-C40E-45E1-8AD6-D4DFE4F1D9AB}.RELEASE_WINAPI|x64.ActiveCfg = RELEASE_WINAPI|x64
		{32D8ADF6-C40E-45E1-8AD6-D4DFE4F1D9AB}.RELEASE_WINAPI|x64.Build.0 = RELEASE_WINAPI|x64
		{32D8ADF6-C40E-45E1-8AD6-D4DFE4F1D9AB}.Release|Win32.ActiveCfg = RELEASE_WINAPI|x64
		{32D8ADF6-C40E-45E1-8AD6-D4DFE4F1D9AB}.Release|x64.ActiveCfg = RELEASE_WINAPI|x64
		{32D8ADF6-C40E-45E1-8AD6-D4DFE4F1D9AB}.Release|x64.Build.0 = RELEASE_WINAPI|x64
	EndGlobalSection
	GlobalSection(SolutionProperties) = preSolution
		HideSolutionNode = FALSE
	EndGlobalSection
EndGlobal
