
Microsoft Visual Studio Solution File, Format Version 10.00
# Visual Studio 2008
Project("{8BC9CEB8-8B4A-11D0-8D11-00A0C91BC942}") = "CoreMntWdm", "CoreMntWdm\CoreMntWdm.vcproj", "{4514D744-E774-417C-A558-7B25F4D54B83}"
EndProject
Project("{8BC9CEB8-8B4A-11D0-8D11-00A0C91BC942}") = "CoreMntLib", "CoreMntLib\CoreMntLib.vcproj", "{7CE5D9F5-C7AD-4759-AEB7-9DBD8BCB2B25}"
	ProjectSection(ProjectDependencies) = postProject
		{32D8ADF6-C40E-45E1-8AD6-D4DFE4F1D9AB} = {32D8ADF6-C40E-45E1-8AD6-D4DFE4F1D9AB}
	EndProjectSection
EndProject
Project("{8BC9CEB8-8B4A-11D0-8D11-00A0C91BC942}") = "CoreMntTest", "CoreMntLib\test\CoreMntTest.vcproj", "{DAFD8D69-ADE7-4184-B7C3-8ED66F025364}"
	ProjectSection(ProjectDependencies) = postProject
		{00EA8059-4E82-4EE0-9C41-8BD174ED12B9} = {00EA8059-4E82-4EE0-9C41-8BD174ED12B9}
		{86F54075-BC39-43A9-9AB6-2E10F69CED3A} = {86F54075-BC39-43A9-9AB6-2E10F69CED3A}
		{7CE5D9F5-C7AD-4759-AEB7-9DBD8BCB2B25} = {7CE5D9F5-C7AD-4759-AEB7-9DBD8BCB2B25}
		{32D8ADF6-C40E-45E1-8AD6-D4DFE4F1D9AB} = {32D8ADF6-C40E-45E1-8AD6-D4DFE4F1D9AB}
	EndProjectSection
EndProject
Project("{8BC9CEB8-8B4A-11D0-8D11-00A0C91BC942}") = "stdext", "..\..\jcvos\stdext\stdext.vcproj", "{32D8ADF6-C40E-45E1-8AD6-D4DFE4F1D9AB}"
EndProject
Project("{8BC9CEB8-8B4A-11D0-8D11-00A0C91BC942}") = "jcparam", "..\..\jcvos\jcparam\jcparam.vcproj", "{00EA8059-4E82-4EE0-9C41-8BD174ED12B9}"
EndProject
Project("{8BC9CEB8-8B4A-11D0-8D11-00A0C91BC942}") = "jcapp", "..\..\jcvos\jcapp\jcapp.vcproj", "{86F54075-BC39-43A9-9AB6-2E10F69CED3A}"
EndProject
Project("{8BC9CEB8-8B4A-11D0-8D11-00A0C91BC942}") = "CoreMntDriverFile", "CoreMntDriverFile\CoreMntDriverFile.vcproj", "{24CA1BD3-F5F3-4F84-91EA-A644599B2264}"
	ProjectSection(ProjectDependencies) = postProject
		{00EA8059-4E82-4EE0-9C41-8BD174ED12B9} = {00EA8059-4E82-4EE0-9C41-8BD174ED12B9}
		{86F54075-BC39-43A9-9AB6-2E10F69CED3A} = {86F54075-BC39-43A9-9AB6-2E10F69CED3A}
		{32D8ADF6-C40E-45E1-8AD6-D4DFE4F1D9AB} = {32D8ADF6-C40E-45E1-8AD6-D4DFE4F1D9AB}
	EndProjectSection
EndProject
Project("{8BC9CEB8-8B4A-11D0-8D11-00A0C91BC942}") = "HostTest", "HostTest\HostTest.vcproj", "{8F72A3F2-672C-4FC4-86D0-B1E4518FE852}"
	ProjectSection(ProjectDependencies) = postProject
		{00EA8059-4E82-4EE0-9C41-8BD174ED12B9} = {00EA8059-4E82-4EE0-9C41-8BD174ED12B9}
		{86F54075-BC39-43A9-9AB6-2E10F69CED3A} = {86F54075-BC39-43A9-9AB6-2E10F69CED3A}
		{94F5A0A0-909E-4BCC-9E4D-F5C63E138DFE} = {94F5A0A0-909E-4BCC-9E4D-F5C63E138DFE}
		{32D8ADF6-C40E-45E1-8AD6-D4DFE4F1D9AB} = {32D8ADF6-C40E-45E1-8AD6-D4DFE4F1D9AB}
	EndProjectSection
EndProject
Project("{8BC9CEB8-8B4A-11D0-8D11-00A0C91BC942}") = "SmiDevice", "..\SmiVenderTest\SmiDevice\SmiDevice.vcproj", "{94F5A0A0-909E-4BCC-9E4D-F5C63E138DFE}"
EndProject
Project("{8BC9CEB8-8B4A-11D0-8D11-00A0C91BC942}") = "DriverFerriComm", "DriverFerriComm\DriverFerriComm.vcproj", "{7D01BBDC-7EF6-46B6-938A-E35BEC9CCEB5}"
EndProject
Project("{8BC9CEB8-8B4A-11D0-8D11-00A0C91BC942}") = "driver_tester", "driver_tester\driver_tester.vcproj", "{F1C71D85-1822-45E5-B0B9-DBE01186AEE3}"
	ProjectSection(ProjectDependencies) = postProject
		{00EA8059-4E82-4EE0-9C41-8BD174ED12B9} = {00EA8059-4E82-4EE0-9C41-8BD174ED12B9}
		{86F54075-BC39-43A9-9AB6-2E10F69CED3A} = {86F54075-BC39-43A9-9AB6-2E10F69CED3A}
		{7CE5D9F5-C7AD-4759-AEB7-9DBD8BCB2B25} = {7CE5D9F5-C7AD-4759-AEB7-9DBD8BCB2B25}
		{32D8ADF6-C40E-45E1-8AD6-D4DFE4F1D9AB} = {32D8ADF6-C40E-45E1-8AD6-D4DFE4F1D9AB}
	EndProjectSection
EndProject
Global
	GlobalSection(SolutionConfigurationPlatforms) = preSolution
		DEBUG_DYNAMIC_MFC|Win32 = DEBUG_DYNAMIC_MFC|Win32
		DEBUG_DYNAMIC_MFC|x64 = DEBUG_DYNAMIC_MFC|x64
		DEBUG_STATIC_MFC|Win32 = DEBUG_STATIC_MFC|Win32
		DEBUG_STATIC_MFC|x64 = DEBUG_STATIC_MFC|x64
		DEBUG_WINAPI|Win32 = DEBUG_WINAPI|Win32
		DEBUG_WINAPI|x64 = DEBUG_WINAPI|x64
		Debug|Win32 = Debug|Win32
		Debug|x64 = Debug|x64
		RELEASE_DYNAMIC_MFC|Win32 = RELEASE_DYNAMIC_MFC|Win32
		RELEASE_DYNAMIC_MFC|x64 = RELEASE_DYNAMIC_MFC|x64
		RELEASE_STATIC_MFC|Win32 = RELEASE_STATIC_MFC|Win32
		RELEASE_STATIC_MFC|x64 = RELEASE_STATIC_MFC|x64
		RELEASE_WINAPI|Win32 = RELEASE_WINAPI|Win32
		RELEASE_WINAPI|x64 = RELEASE_WINAPI|x64
		Release|Win32 = Release|Win32
		Release|x64 = Release|x64
	EndGlobalSection
	GlobalSection(ProjectConfigurationPlatforms) = postSolution
		{4514D744-E774-417C-A558-7B25F4D54B83}.DEBUG_DYNAMIC_MFC|Win32.ActiveCfg = free|Win32
		{4514D744-E774-417C-A558-7B25F4D54B83}.DEBUG_DYNAMIC_MFC|Win32.Build.0 = free|Win32
		{4514D744-E774-417C-A558-7B25F4D54B83}.DEBUG_DYNAMIC_MFC|x64.ActiveCfg = free|x64
		{4514D744-E774-417C-A558-7B25F4D54B83}.DEBUG_DYNAMIC_MFC|x64.Build.0 = checked|x64
		{4514D744-E774-417C-A558-7B25F4D54B83}.DEBUG_STATIC_MFC|Win32.ActiveCfg = free|Win32
		{4514D744-E774-417C-A558-7B25F4D54B83}.DEBUG_STATIC_MFC|Win32.Build.0 = free|Win32
		{4514D744-E774-417C-A558-7B25F4D54B83}.DEBUG_STATIC_MFC|x64.ActiveCfg = checked|x64
		{4514D744-E774-417C-A558-7B25F4D54B83}.DEBUG_STATIC_MFC|x64.Build.0 = checked|x64
		{4514D744-E774-417C-A558-7B25F4D54B83}.DEBUG_WINAPI|Win32.ActiveCfg = checked|Win32
		{4514D744-E774-417C-A558-7B25F4D54B83}.DEBUG_WINAPI|x64.ActiveCfg = checked|x64
		{4514D744-E774-417C-A558-7B25F4D54B83}.DEBUG_WINAPI|x64.Build.0 = checked|x64
		{4514D744-E774-417C-A558-7B25F4D54B83}.Debug|Win32.ActiveCfg = checked|Win32
		{4514D744-E774-417C-A558-7B25F4D54B83}.Debug|x64.ActiveCfg = checked|x64
		{4514D744-E774-417C-A558-7B25F4D54B83}.Debug|x64.Build.0 = checked|x64
		{4514D744-E774-417C-A558-7B25F4D54B83}.RELEASE_DYNAMIC_MFC|Win32.ActiveCfg = free|Win32
		{4514D744-E774-417C-A558-7B25F4D54B83}.RELEASE_DYNAMIC_MFC|Win32.Build.0 = free|Win32
		{4514D744-E774-417C-A558-7B25F4D54B83}.RELEASE_DYNAMIC_MFC|x64.ActiveCfg = checked|x64
		{4514D744-E774-417C-A558-7B25F4D54B83}.RELEASE_DYNAMIC_MFC|x64.Build.0 = checked|x64
		{4514D744-E774-417C-A558-7B25F4D54B83}.RELEASE_STATIC_MFC|Win32.ActiveCfg = free|Win32
		{4514D744-E774-417C-A558-7B25F4D54B83}.RELEASE_STATIC_MFC|Win32.Build.0 = free|Win32
		{4514D744-E774-417C-A558-7B25F4D54B83}.RELEASE_STATIC_MFC|x64.ActiveCfg = checked|x64
		{4514D744-E774-417C-A558-7B25F4D54B83}.RELEASE_STATIC_MFC|x64.Build.0 = checked|x64
		{4514D744-E774-417C-A558-7B25F4D54B83}.RELEASE_WINAPI|Win32.ActiveCfg = free|Win32
		{4514D744-E774-417C-A558-7B25F4D54B83}.RELEASE_WINAPI|Win32.Build.0 = free|Win32
		{4514D744-E774-417C-A558-7B25F4D54B83}.RELEASE_WINAPI|x64.ActiveCfg = checked|x64
		{4514D744-E774-417C-A558-7B25F4D54B83}.RELEASE_WINAPI|x64.Build.0 = checked|x64
		{4514D744-E774-417C-A558-7B25F4D54B83}.Release|Win32.ActiveCfg = free|Win32
		{4514D744-E774-417C-A558-7B25F4D54B83}.Release|Win32.Build.0 = free|Win32
		{4514D744-E774-417C-A558-7B25F4D54B83}.Release|x64.ActiveCfg = checked|x64
		{4514D744-E774-417C-A558-7B25F4D54B83}.Release|x64.Build.0 = checked|x64
		{7CE5D9F5-C7AD-4759-AEB7-9DBD8BCB2B25}.DEBUG_DYNAMIC_MFC|Win32.ActiveCfg = DEBUG_WINAPI|x64
		{7CE5D9F5-C7AD-4759-AEB7-9DBD8BCB2B25}.DEBUG_DYNAMIC_MFC|x64.ActiveCfg = DEBUG_WINAPI|x64
		{7CE5D9F5-C7AD-4759-AEB7-9DBD8BCB2B25}.DEBUG_DYNAMIC_MFC|x64.Build.0 = DEBUG_WINAPI|x64
		{7CE5D9F5-C7AD-4759-AEB7-9DBD8BCB2B25}.DEBUG_STATIC_MFC|Win32.ActiveCfg = DEBUG_WINAPI|x64
		{7CE5D9F5-C7AD-4759-AEB7-9DBD8BCB2B25}.DEBUG_STATIC_MFC|x64.ActiveCfg = DEBUG_WINAPI|x64
		{7CE5D9F5-C7AD-4759-AEB7-9DBD8BCB2B25}.DEBUG_STATIC_MFC|x64.Build.0 = DEBUG_WINAPI|x64
		{7CE5D9F5-C7AD-4759-AEB7-9DBD8BCB2B25}.DEBUG_WINAPI|Win32.ActiveCfg = DEBUG_WINAPI|Win32
		{7CE5D9F5-C7AD-4759-AEB7-9DBD8BCB2B25}.DEBUG_WINAPI|Win32.Build.0 = DEBUG_WINAPI|Win32
		{7CE5D9F5-C7AD-4759-AEB7-9DBD8BCB2B25}.DEBUG_WINAPI|x64.ActiveCfg = DEBUG_WINAPI|Win32
		{7CE5D9F5-C7AD-4759-AEB7-9DBD8BCB2B25}.DEBUG_WINAPI|x64.Build.0 = DEBUG_WINAPI|Win32
		{7CE5D9F5-C7AD-4759-AEB7-9DBD8BCB2B25}.Debug|Win32.ActiveCfg = DEBUG_WINAPI|Win32
		{7CE5D9F5-C7AD-4759-AEB7-9DBD8BCB2B25}.Debug|Win32.Build.0 = DEBUG_WINAPI|Win32
		{7CE5D9F5-C7AD-4759-AEB7-9DBD8BCB2B25}.Debug|x64.ActiveCfg = Debug|x64
		{7CE5D9F5-C7AD-4759-AEB7-9DBD8BCB2B25}.Debug|x64.Build.0 = Debug|x64
		{7CE5D9F5-C7AD-4759-AEB7-9DBD8BCB2B25}.RELEASE_DYNAMIC_MFC|Win32.ActiveCfg = Release|Win32
		{7CE5D9F5-C7AD-4759-AEB7-9DBD8BCB2B25}.RELEASE_DYNAMIC_MFC|Win32.Build.0 = Release|Win32
		{7CE5D9F5-C7AD-4759-AEB7-9DBD8BCB2B25}.RELEASE_DYNAMIC_MFC|x64.ActiveCfg = Release|x64
		{7CE5D9F5-C7AD-4759-AEB7-9DBD8BCB2B25}.RELEASE_DYNAMIC_MFC|x64.Build.0 = Release|x64
		{7CE5D9F5-C7AD-4759-AEB7-9DBD8BCB2B25}.RELEASE_STATIC_MFC|Win32.ActiveCfg = Release|Win32
		{7CE5D9F5-C7AD-4759-AEB7-9DBD8BCB2B25}.RELEASE_STATIC_MFC|Win32.Build.0 = Release|Win32
		{7CE5D9F5-C7AD-4759-AEB7-9DBD8BCB2B25}.RELEASE_STATIC_MFC|x64.ActiveCfg = Release|x64
		{7CE5D9F5-C7AD-4759-AEB7-9DBD8BCB2B25}.RELEASE_STATIC_MFC|x64.Build.0 = Release|x64
		{7CE5D9F5-C7AD-4759-AEB7-9DBD8BCB2B25}.RELEASE_WINAPI|Win32.ActiveCfg = Release|Win32
		{7CE5D9F5-C7AD-4759-AEB7-9DBD8BCB2B25}.RELEASE_WINAPI|Win32.Build.0 = Release|Win32
		{7CE5D9F5-C7AD-4759-AEB7-9DBD8BCB2B25}.RELEASE_WINAPI|x64.ActiveCfg = Release|x64
		{7CE5D9F5-C7AD-4759-AEB7-9DBD8BCB2B25}.RELEASE_WINAPI|x64.Build.0 = Release|x64
		{7CE5D9F5-C7AD-4759-AEB7-9DBD8BCB2B25}.Release|Win32.ActiveCfg = Release|Win32
		{7CE5D9F5-C7AD-4759-AEB7-9DBD8BCB2B25}.Release|Win32.Build.0 = Release|Win32
		{7CE5D9F5-C7AD-4759-AEB7-9DBD8BCB2B25}.Release|x64.ActiveCfg = Release|x64
		{7CE5D9F5-C7AD-4759-AEB7-9DBD8BCB2B25}.Release|x64.Build.0 = Release|x64
		{DAFD8D69-ADE7-4184-B7C3-8ED66F025364}.DEBUG_DYNAMIC_MFC|Win32.ActiveCfg = DEBUG_WINAPI|x64
		{DAFD8D69-ADE7-4184-B7C3-8ED66F025364}.DEBUG_DYNAMIC_MFC|x64.ActiveCfg = DEBUG_WINAPI|x64
		{DAFD8D69-ADE7-4184-B7C3-8ED66F025364}.DEBUG_DYNAMIC_MFC|x64.Build.0 = DEBUG_WINAPI|x64
		{DAFD8D69-ADE7-4184-B7C3-8ED66F025364}.DEBUG_STATIC_MFC|Win32.ActiveCfg = DEBUG_WINAPI|x64
		{DAFD8D69-ADE7-4184-B7C3-8ED66F025364}.DEBUG_STATIC_MFC|x64.ActiveCfg = DEBUG_WINAPI|x64
		{DAFD8D69-ADE7-4184-B7C3-8ED66F025364}.DEBUG_STATIC_MFC|x64.Build.0 = DEBUG_WINAPI|x64
		{DAFD8D69-ADE7-4184-B7C3-8ED66F025364}.DEBUG_WINAPI|Win32.ActiveCfg = DEBUG_WINAPI|Win32
		{DAFD8D69-ADE7-4184-B7C3-8ED66F025364}.DEBUG_WINAPI|Win32.Build.0 = DEBUG_WINAPI|Win32
		{DAFD8D69-ADE7-4184-B7C3-8ED66F025364}.DEBUG_WINAPI|x64.ActiveCfg = DEBUG_WINAPI|Win32
		{DAFD8D69-ADE7-4184-B7C3-8ED66F025364}.DEBUG_WINAPI|x64.Build.0 = DEBUG_WINAPI|Win32
		{DAFD8D69-ADE7-4184-B7C3-8ED66F025364}.Debug|Win32.ActiveCfg = DEBUG_WINAPI|Win32
		{DAFD8D69-ADE7-4184-B7C3-8ED66F025364}.Debug|Win32.Build.0 = DEBUG_WINAPI|Win32
		{DAFD8D69-ADE7-4184-B7C3-8ED66F025364}.Debug|x64.ActiveCfg = Debug|x64
		{DAFD8D69-ADE7-4184-B7C3-8ED66F025364}.Debug|x64.Build.0 = Debug|x64
		{DAFD8D69-ADE7-4184-B7C3-8ED66F025364}.RELEASE_DYNAMIC_MFC|Win32.ActiveCfg = Release|Win32
		{DAFD8D69-ADE7-4184-B7C3-8ED66F025364}.RELEASE_DYNAMIC_MFC|Win32.Build.0 = Release|Win32
		{DAFD8D69-ADE7-4184-B7C3-8ED66F025364}.RELEASE_DYNAMIC_MFC|x64.ActiveCfg = Release|x64
		{DAFD8D69-ADE7-4184-B7C3-8ED66F025364}.RELEASE_DYNAMIC_MFC|x64.Build.0 = Release|x64
		{DAFD8D69-ADE7-4184-B7C3-8ED66F025364}.RELEASE_STATIC_MFC|Win32.ActiveCfg = Release|Win32
		{DAFD8D69-ADE7-4184-B7C3-8ED66F025364}.RELEASE_STATIC_MFC|Win32.Build.0 = Release|Win32
		{DAFD8D69-ADE7-4184-B7C3-8ED66F025364}.RELEASE_STATIC_MFC|x64.ActiveCfg = Release|x64
		{DAFD8D69-ADE7-4184-B7C3-8ED66F025364}.RELEASE_STATIC_MFC|x64.Build.0 = Release|x64
		{DAFD8D69-ADE7-4184-B7C3-8ED66F025364}.RELEASE_WINAPI|Win32.ActiveCfg = Release|Win32
		{DAFD8D69-ADE7-4184-B7C3-8ED66F025364}.RELEASE_WINAPI|Win32.Build.0 = Release|Win32
		{DAFD8D69-ADE7-4184-B7C3-8ED66F025364}.RELEASE_WINAPI|x64.ActiveCfg = Release|x64
		{DAFD8D69-ADE7-4184-B7C3-8ED66F025364}.RELEASE_WINAPI|x64.Build.0 = Release|x64
		{DAFD8D69-ADE7-4184-B7C3-8ED66F025364}.Release|Win32.ActiveCfg = Release|Win32
		{DAFD8D69-ADE7-4184-B7C3-8ED66F025364}.Release|Win32.Build.0 = Release|Win32
		{DAFD8D69-ADE7-4184-B7C3-8ED66F025364}.Release|x64.ActiveCfg = Release|x64
		{DAFD8D69-ADE7-4184-B7C3-8ED66F025364}.Release|x64.Build.0 = Release|x64
		{32D8ADF6-C40E-45E1-8AD6-D4DFE4F1D9AB}.DEBUG_DYNAMIC_MFC|Win32.ActiveCfg = DEBUG_DYNAMIC_MFC|Win32
		{32D8ADF6-C40E-45E1-8AD6-D4DFE4F1D9AB}.DEBUG_DYNAMIC_MFC|Win32.Build.0 = DEBUG_DYNAMIC_MFC|Win32
		{32D8ADF6-C40E-45E1-8AD6-D4DFE4F1D9AB}.DEBUG_DYNAMIC_MFC|x64.ActiveCfg = DEBUG_DYNAMIC_MFC|x64
		{32D8ADF6-C40E-45E1-8AD6-D4DFE4F1D9AB}.DEBUG_DYNAMIC_MFC|x64.Build.0 = DEBUG_DYNAMIC_MFC|x64
		{32D8ADF6-C40E-45E1-8AD6-D4DFE4F1D9AB}.DEBUG_STATIC_MFC|Win32.ActiveCfg = DEBUG_STATIC_MFC|Win32
		{32D8ADF6-C40E-45E1-8AD6-D4DFE4F1D9AB}.DEBUG_STATIC_MFC|Win32.Build.0 = DEBUG_STATIC_MFC|Win32
		{32D8ADF6-C40E-45E1-8AD6-D4DFE4F1D9AB}.DEBUG_STATIC_MFC|x64.ActiveCfg = DEBUG_STATIC_MFC|x64
		{32D8ADF6-C40E-45E1-8AD6-D4DFE4F1D9AB}.DEBUG_STATIC_MFC|x64.Build.0 = DEBUG_STATIC_MFC|x64
		{32D8ADF6-C40E-45E1-8AD6-D4DFE4F1D9AB}.DEBUG_WINAPI|Win32.ActiveCfg = DEBUG_WINAPI|Win32
		{32D8ADF6-C40E-45E1-8AD6-D4DFE4F1D9AB}.DEBUG_WINAPI|Win32.Build.0 = DEBUG_WINAPI|Win32
		{32D8ADF6-C40E-45E1-8AD6-D4DFE4F1D9AB}.DEBUG_WINAPI|x64.ActiveCfg = DEBUG_WINAPI|Win32
		{32D8ADF6-C40E-45E1-8AD6-D4DFE4F1D9AB}.DEBUG_WINAPI|x64.Build.0 = DEBUG_WINAPI|Win32
		{32D8ADF6-C40E-45E1-8AD6-D4DFE4F1D9AB}.Debug|Win32.ActiveCfg = DEBUG_WINAPI|Win32
		{32D8ADF6-C40E-45E1-8AD6-D4DFE4F1D9AB}.Debug|Win32.Build.0 = DEBUG_WINAPI|Win32
		{32D8ADF6-C40E-45E1-8AD6-D4DFE4F1D9AB}.Debug|x64.ActiveCfg = DEBUG_WINAPI|x64
		{32D8ADF6-C40E-45E1-8AD6-D4DFE4F1D9AB}.Debug|x64.Build.0 = DEBUG_WINAPI|x64
		{32D8ADF6-C40E-45E1-8AD6-D4DFE4F1D9AB}.RELEASE_DYNAMIC_MFC|Win32.ActiveCfg = RELEASE_DYNAMIC_MFC|Win32
		{32D8ADF6-C40E-45E1-8AD6-D4DFE4F1D9AB}.RELEASE_DYNAMIC_MFC|Win32.Build.0 = RELEASE_DYNAMIC_MFC|Win32
		{32D8ADF6-C40E-45E1-8AD6-D4DFE4F1D9AB}.RELEASE_DYNAMIC_MFC|x64.ActiveCfg = RELEASE_DYNAMIC_MFC|x64
		{32D8ADF6-C40E-45E1-8AD6-D4DFE4F1D9AB}.RELEASE_DYNAMIC_MFC|x64.Build.0 = RELEASE_DYNAMIC_MFC|x64
		{32D8ADF6-C40E-45E1-8AD6-D4DFE4F1D9AB}.RELEASE_STATIC_MFC|Win32.ActiveCfg = RELEASE_STATIC_MFC|Win32
		{32D8ADF6-C40E-45E1-8AD6-D4DFE4F1D9AB}.RELEASE_STATIC_MFC|Win32.Build.0 = RELEASE_STATIC_MFC|Win32
		{32D8ADF6-C40E-45E1-8AD6-D4DFE4F1D9AB}.RELEASE_STATIC_MFC|x64.ActiveCfg = RELEASE_STATIC_MFC|x64
		{32D8ADF6-C40E-45E1-8AD6-D4DFE4F1D9AB}.RELEASE_STATIC_MFC|x64.Build.0 = RELEASE_STATIC_MFC|x64
		{32D8ADF6-C40E-45E1-8AD6-D4DFE4F1D9AB}.RELEASE_WINAPI|Win32.ActiveCfg = RELEASE_WINAPI|Win32
		{32D8ADF6-C40E-45E1-8AD6-D4DFE4F1D9AB}.RELEASE_WINAPI|Win32.Build.0 = RELEASE_WINAPI|Win32
		{32D8ADF6-C40E-45E1-8AD6-D4DFE4F1D9AB}.RELEASE_WINAPI|x64.ActiveCfg = RELEASE_WINAPI|x64
		{32D8ADF6-C40E-45E1-8AD6-D4DFE4F1D9AB}.RELEASE_WINAPI|x64.Build.0 = RELEASE_WINAPI|x64
		{32D8ADF6-C40E-45E1-8AD6-D4DFE4F1D9AB}.Release|Win32.ActiveCfg = RELEASE_WINAPI|Win32
		{32D8ADF6-C40E-45E1-8AD6-D4DFE4F1D9AB}.Release|Win32.Build.0 = RELEASE_WINAPI|Win32
		{32D8ADF6-C40E-45E1-8AD6-D4DFE4F1D9AB}.Release|x64.ActiveCfg = RELEASE_WINAPI|x64
		{32D8ADF6-C40E-45E1-8AD6-D4DFE4F1D9AB}.Release|x64.Build.0 = RELEASE_WINAPI|x64
		{00EA8059-4E82-4EE0-9C41-8BD174ED12B9}.DEBUG_DYNAMIC_MFC|Win32.ActiveCfg = DEBUG_DYNAMIC_MFC|Win32
		{00EA8059-4E82-4EE0-9C41-8BD174ED12B9}.DEBUG_DYNAMIC_MFC|Win32.Build.0 = DEBUG_DYNAMIC_MFC|Win32
		{00EA8059-4E82-4EE0-9C41-8BD174ED12B9}.DEBUG_DYNAMIC_MFC|x64.ActiveCfg = DEBUG_DYNAMIC_MFC|x64
		{00EA8059-4E82-4EE0-9C41-8BD174ED12B9}.DEBUG_DYNAMIC_MFC|x64.Build.0 = DEBUG_DYNAMIC_MFC|x64
		{00EA8059-4E82-4EE0-9C41-8BD174ED12B9}.DEBUG_STATIC_MFC|Win32.ActiveCfg = DEBUG_STATIC_MFC|Win32
		{00EA8059-4E82-4EE0-9C41-8BD174ED12B9}.DEBUG_STATIC_MFC|Win32.Build.0 = DEBUG_STATIC_MFC|Win32
		{00EA8059-4E82-4EE0-9C41-8BD174ED12B9}.DEBUG_STATIC_MFC|x64.ActiveCfg = DEBUG_STATIC_MFC|x64
		{00EA8059-4E82-4EE0-9C41-8BD174ED12B9}.DEBUG_STATIC_MFC|x64.Build.0 = DEBUG_STATIC_MFC|x64
		{00EA8059-4E82-4EE0-9C41-8BD174ED12B9}.DEBUG_WINAPI|Win32.ActiveCfg = DEBUG_WINAPI|Win32
		{00EA8059-4E82-4EE0-9C41-8BD174ED12B9}.DEBUG_WINAPI|Win32.Build.0 = DEBUG_WINAPI|Win32
		{00EA8059-4E82-4EE0-9C41-8BD174ED12B9}.DEBUG_WINAPI|x64.ActiveCfg = DEBUG_WINAPI|Win32
		{00EA8059-4E82-4EE0-9C41-8BD174ED12B9}.DEBUG_WINAPI|x64.Build.0 = DEBUG_WINAPI|Win32
		{00EA8059-4E82-4EE0-9C41-8BD174ED12B9}.Debug|Win32.ActiveCfg = DEBUG_WINAPI|Win32
		{00EA8059-4E82-4EE0-9C41-8BD174ED12B9}.Debug|Win32.Build.0 = DEBUG_WINAPI|Win32
		{00EA8059-4E82-4EE0-9C41-8BD174ED12B9}.Debug|x64.ActiveCfg = DEBUG_WINAPI|x64
		{00EA8059-4E82-4EE0-9C41-8BD174ED12B9}.Debug|x64.Build.0 = DEBUG_WINAPI|x64
		{00EA8059-4E82-4EE0-9C41-8BD174ED12B9}.RELEASE_DYNAMIC_MFC|Win32.ActiveCfg = RELEASE_DYNAMIC_MFC|Win32
		{00EA8059-4E82-4EE0-9C41-8BD174ED12B9}.RELEASE_DYNAMIC_MFC|Win32.Build.0 = RELEASE_DYNAMIC_MFC|Win32
		{00EA8059-4E82-4EE0-9C41-8BD174ED12B9}.RELEASE_DYNAMIC_MFC|x64.ActiveCfg = RELEASE_DYNAMIC_MFC|x64
		{00EA8059-4E82-4EE0-9C41-8BD174ED12B9}.RELEASE_DYNAMIC_MFC|x64.Build.0 = RELEASE_DYNAMIC_MFC|x64
		{00EA8059-4E82-4EE0-9C41-8BD174ED12B9}.RELEASE_STATIC_MFC|Win32.ActiveCfg = RELEASE_STATIC_MFC|Win32
		{00EA8059-4E82-4EE0-9C41-8BD174ED12B9}.RELEASE_STATIC_MFC|Win32.Build.0 = RELEASE_STATIC_MFC|Win32
		{00EA8059-4E82-4EE0-9C41-8BD174ED12B9}.RELEASE_STATIC_MFC|x64.ActiveCfg = RELEASE_STATIC_MFC|x64
		{00EA8059-4E82-4EE0-9C41-8BD174ED12B9}.RELEASE_STATIC_MFC|x64.Build.0 = RELEASE_STATIC_MFC|x64
		{00EA8059-4E82-4EE0-9C41-8BD174ED12B9}.RELEASE_WINAPI|Win32.ActiveCfg = RELEASE_DYNAMIC_MFC|Win32
		{00EA8059-4E82-4EE0-9C41-8BD174ED12B9}.RELEASE_WINAPI|Win32.Build.0 = RELEASE_DYNAMIC_MFC|Win32
		{00EA8059-4E82-4EE0-9C41-8BD174ED12B9}.RELEASE_WINAPI|x64.ActiveCfg = RELEASE_DYNAMIC_MFC|x64
		{00EA8059-4E82-4EE0-9C41-8BD174ED12B9}.RELEASE_WINAPI|x64.Build.0 = RELEASE_DYNAMIC_MFC|x64
		{00EA8059-4E82-4EE0-9C41-8BD174ED12B9}.Release|Win32.ActiveCfg = RELEASE_DYNAMIC_MFC|Win32
		{00EA8059-4E82-4EE0-9C41-8BD174ED12B9}.Release|Win32.Build.0 = RELEASE_DYNAMIC_MFC|Win32
		{00EA8059-4E82-4EE0-9C41-8BD174ED12B9}.Release|x64.ActiveCfg = RELEASE_DYNAMIC_MFC|x64
		{00EA8059-4E82-4EE0-9C41-8BD174ED12B9}.Release|x64.Build.0 = RELEASE_DYNAMIC_MFC|x64
		{86F54075-BC39-43A9-9AB6-2E10F69CED3A}.DEBUG_DYNAMIC_MFC|Win32.ActiveCfg = DEBUG_DYNAMIC_MFC|Win32
		{86F54075-BC39-43A9-9AB6-2E10F69CED3A}.DEBUG_DYNAMIC_MFC|Win32.Build.0 = DEBUG_DYNAMIC_MFC|Win32
		{86F54075-BC39-43A9-9AB6-2E10F69CED3A}.DEBUG_DYNAMIC_MFC|x64.ActiveCfg = DEBUG_DYNAMIC_MFC|x64
		{86F54075-BC39-43A9-9AB6-2E10F69CED3A}.DEBUG_DYNAMIC_MFC|x64.Build.0 = DEBUG_DYNAMIC_MFC|x64
		{86F54075-BC39-43A9-9AB6-2E10F69CED3A}.DEBUG_STATIC_MFC|Win32.ActiveCfg = DEBUG_STATIC_MFC|Win32
		{86F54075-BC39-43A9-9AB6-2E10F69CED3A}.DEBUG_STATIC_MFC|Win32.Build.0 = DEBUG_STATIC_MFC|Win32
		{86F54075-BC39-43A9-9AB6-2E10F69CED3A}.DEBUG_STATIC_MFC|x64.ActiveCfg = DEBUG_STATIC_MFC|x64
		{86F54075-BC39-43A9-9AB6-2E10F69CED3A}.DEBUG_STATIC_MFC|x64.Build.0 = DEBUG_STATIC_MFC|x64
		{86F54075-BC39-43A9-9AB6-2E10F69CED3A}.DEBUG_WINAPI|Win32.ActiveCfg = DEBUG_WINAPI|Win32
		{86F54075-BC39-43A9-9AB6-2E10F69CED3A}.DEBUG_WINAPI|Win32.Build.0 = DEBUG_WINAPI|Win32
		{86F54075-BC39-43A9-9AB6-2E10F69CED3A}.DEBUG_WINAPI|x64.ActiveCfg = DEBUG_WINAPI|Win32
		{86F54075-BC39-43A9-9AB6-2E10F69CED3A}.DEBUG_WINAPI|x64.Build.0 = DEBUG_WINAPI|Win32
		{86F54075-BC39-43A9-9AB6-2E10F69CED3A}.Debug|Win32.ActiveCfg = DEBUG_WINAPI|Win32
		{86F54075-BC39-43A9-9AB6-2E10F69CED3A}.Debug|Win32.Build.0 = DEBUG_WINAPI|Win32
		{86F54075-BC39-43A9-9AB6-2E10F69CED3A}.Debug|x64.ActiveCfg = Debug|x64
		{86F54075-BC39-43A9-9AB6-2E10F69CED3A}.Debug|x64.Build.0 = Debug|x64
		{86F54075-BC39-43A9-9AB6-2E10F69CED3A}.RELEASE_DYNAMIC_MFC|Win32.ActiveCfg = RELEASE_DYNAMIC_MFC|Win32
		{86F54075-BC39-43A9-9AB6-2E10F69CED3A}.RELEASE_DYNAMIC_MFC|Win32.Build.0 = RELEASE_DYNAMIC_MFC|Win32
		{86F54075-BC39-43A9-9AB6-2E10F69CED3A}.RELEASE_DYNAMIC_MFC|x64.ActiveCfg = RELEASE_DYNAMIC_MFC|x64
		{86F54075-BC39-43A9-9AB6-2E10F69CED3A}.RELEASE_DYNAMIC_MFC|x64.Build.0 = RELEASE_DYNAMIC_MFC|x64
		{86F54075-BC39-43A9-9AB6-2E10F69CED3A}.RELEASE_STATIC_MFC|Win32.ActiveCfg = RELEASE_STATIC_MFC|Win32
		{86F54075-BC39-43A9-9AB6-2E10F69CED3A}.RELEASE_STATIC_MFC|Win32.Build.0 = RELEASE_STATIC_MFC|Win32
		{86F54075-BC39-43A9-9AB6-2E10F69CED3A}.RELEASE_STATIC_MFC|x64.ActiveCfg = RELEASE_STATIC_MFC|x64
		{86F54075-BC39-43A9-9AB6-2E10F69CED3A}.RELEASE_STATIC_MFC|x64.Build.0 = RELEASE_STATIC_MFC|x64
		{86F54075-BC39-43A9-9AB6-2E10F69CED3A}.RELEASE_WINAPI|Win32.ActiveCfg = RELEASE_STATIC_MFC|Win32
		{86F54075-BC39-43A9-9AB6-2E10F69CED3A}.RELEASE_WINAPI|Win32.Build.0 = RELEASE_STATIC_MFC|Win32
		{86F54075-BC39-43A9-9AB6-2E10F69CED3A}.RELEASE_WINAPI|x64.ActiveCfg = RELEASE_STATIC_MFC|x64
		{86F54075-BC39-43A9-9AB6-2E10F69CED3A}.RELEASE_WINAPI|x64.Build.0 = RELEASE_STATIC_MFC|x64
		{86F54075-BC39-43A9-9AB6-2E10F69CED3A}.Release|Win32.ActiveCfg = Release|Win32
		{86F54075-BC39-43A9-9AB6-2E10F69CED3A}.Release|Win32.Build.0 = Release|Win32
		{86F54075-BC39-43A9-9AB6-2E10F69CED3A}.Release|x64.ActiveCfg = Release|x64
		{86F54075-BC39-43A9-9AB6-2E10F69CED3A}.Release|x64.Build.0 = Release|x64
		{24CA1BD3-F5F3-4F84-91EA-A644599B2264}.DEBUG_DYNAMIC_MFC|Win32.ActiveCfg = DEBUG_WINAPI|Win32
		{24CA1BD3-F5F3-4F84-91EA-A644599B2264}.DEBUG_DYNAMIC_MFC|Win32.Build.0 = DEBUG_WINAPI|Win32
		{24CA1BD3-F5F3-4F84-91EA-A644599B2264}.DEBUG_DYNAMIC_MFC|x64.ActiveCfg = DEBUG_WINAPI|Win32
		{24CA1BD3-F5F3-4F84-91EA-A644599B2264}.DEBUG_STATIC_MFC|Win32.ActiveCfg = DEBUG_WINAPI|Win32
		{24CA1BD3-F5F3-4F84-91EA-A644599B2264}.DEBUG_STATIC_MFC|Win32.Build.0 = DEBUG_WINAPI|Win32
		{24CA1BD3-F5F3-4F84-91EA-A644599B2264}.DEBUG_STATIC_MFC|x64.ActiveCfg = DEBUG_WINAPI|Win32
		{24CA1BD3-F5F3-4F84-91EA-A644599B2264}.DEBUG_WINAPI|Win32.ActiveCfg = DEBUG_WINAPI|Win32
		{24CA1BD3-F5F3-4F84-91EA-A644599B2264}.DEBUG_WINAPI|Win32.Build.0 = DEBUG_WINAPI|Win32
		{24CA1BD3-F5F3-4F84-91EA-A644599B2264}.DEBUG_WINAPI|x64.ActiveCfg = DEBUG_WINAPI|Win32
		{24CA1BD3-F5F3-4F84-91EA-A644599B2264}.Debug|Win32.ActiveCfg = DEBUG_WINAPI|Win32
		{24CA1BD3-F5F3-4F84-91EA-A644599B2264}.Debug|Win32.Build.0 = DEBUG_WINAPI|Win32
		{24CA1BD3-F5F3-4F84-91EA-A644599B2264}.Debug|x64.ActiveCfg = DEBUG_WINAPI|Win32
		{24CA1BD3-F5F3-4F84-91EA-A644599B2264}.RELEASE_DYNAMIC_MFC|Win32.ActiveCfg = Release|Win32
		{24CA1BD3-F5F3-4F84-91EA-A644599B2264}.RELEASE_DYNAMIC_MFC|Win32.Build.0 = Release|Win32
		{24CA1BD3-F5F3-4F84-91EA-A644599B2264}.RELEASE_DYNAMIC_MFC|x64.ActiveCfg = Release|Win32
		{24CA1BD3-F5F3-4F84-91EA-A644599B2264}.RELEASE_STATIC_MFC|Win32.ActiveCfg = Release|Win32
		{24CA1BD3-F5F3-4F84-91EA-A644599B2264}.RELEASE_STATIC_MFC|Win32.Build.0 = Release|Win32
		{24CA1BD3-F5F3-4F84-91EA-A644599B2264}.RELEASE_STATIC_MFC|x64.ActiveCfg = Release|Win32
		{24CA1BD3-F5F3-4F84-91EA-A644599B2264}.RELEASE_WINAPI|Win32.ActiveCfg = Release|Win32
		{24CA1BD3-F5F3-4F84-91EA-A644599B2264}.RELEASE_WINAPI|Win32.Build.0 = Release|Win32
		{24CA1BD3-F5F3-4F84-91EA-A644599B2264}.RELEASE_WINAPI|x64.ActiveCfg = Release|Win32
		{24CA1BD3-F5F3-4F84-91EA-A644599B2264}.Release|Win32.ActiveCfg = Release|Win32
		{24CA1BD3-F5F3-4F84-91EA-A644599B2264}.Release|Win32.Build.0 = Release|Win32
		{24CA1BD3-F5F3-4F84-91EA-A644599B2264}.Release|x64.ActiveCfg = Release|Win32
		{8F72A3F2-672C-4FC4-86D0-B1E4518FE852}.DEBUG_DYNAMIC_MFC|Win32.ActiveCfg = DEBUG_WINAPI|Win32
		{8F72A3F2-672C-4FC4-86D0-B1E4518FE852}.DEBUG_DYNAMIC_MFC|Win32.Build.0 = DEBUG_WINAPI|Win32
		{8F72A3F2-672C-4FC4-86D0-B1E4518FE852}.DEBUG_DYNAMIC_MFC|x64.ActiveCfg = DEBUG_WINAPI|Win32
		{8F72A3F2-672C-4FC4-86D0-B1E4518FE852}.DEBUG_STATIC_MFC|Win32.ActiveCfg = DEBUG_WINAPI|Win32
		{8F72A3F2-672C-4FC4-86D0-B1E4518FE852}.DEBUG_STATIC_MFC|Win32.Build.0 = DEBUG_WINAPI|Win32
		{8F72A3F2-672C-4FC4-86D0-B1E4518FE852}.DEBUG_STATIC_MFC|x64.ActiveCfg = DEBUG_WINAPI|Win32
		{8F72A3F2-672C-4FC4-86D0-B1E4518FE852}.DEBUG_WINAPI|Win32.ActiveCfg = DEBUG_WINAPI|Win32
		{8F72A3F2-672C-4FC4-86D0-B1E4518FE852}.DEBUG_WINAPI|Win32.Build.0 = DEBUG_WINAPI|Win32
		{8F72A3F2-672C-4FC4-86D0-B1E4518FE852}.DEBUG_WINAPI|x64.ActiveCfg = DEBUG_WINAPI|Win32
		{8F72A3F2-672C-4FC4-86D0-B1E4518FE852}.Debug|Win32.ActiveCfg = DEBUG_WINAPI|Win32
		{8F72A3F2-672C-4FC4-86D0-B1E4518FE852}.Debug|Win32.Build.0 = DEBUG_WINAPI|Win32
		{8F72A3F2-672C-4FC4-86D0-B1E4518FE852}.Debug|x64.ActiveCfg = DEBUG_WINAPI|Win32
		{8F72A3F2-672C-4FC4-86D0-B1E4518FE852}.RELEASE_DYNAMIC_MFC|Win32.ActiveCfg = Release|Win32
		{8F72A3F2-672C-4FC4-86D0-B1E4518FE852}.RELEASE_DYNAMIC_MFC|Win32.Build.0 = Release|Win32
		{8F72A3F2-672C-4FC4-86D0-B1E4518FE852}.RELEASE_DYNAMIC_MFC|x64.ActiveCfg = Release|Win32
		{8F72A3F2-672C-4FC4-86D0-B1E4518FE852}.RELEASE_STATIC_MFC|Win32.ActiveCfg = Release|Win32
		{8F72A3F2-672C-4FC4-86D0-B1E4518FE852}.RELEASE_STATIC_MFC|Win32.Build.0 = Release|Win32
		{8F72A3F2-672C-4FC4-86D0-B1E4518FE852}.RELEASE_STATIC_MFC|x64.ActiveCfg = Release|Win32
		{8F72A3F2-672C-4FC4-86D0-B1E4518FE852}.RELEASE_WINAPI|Win32.ActiveCfg = Release|Win32
		{8F72A3F2-672C-4FC4-86D0-B1E4518FE852}.RELEASE_WINAPI|Win32.Build.0 = Release|Win32
		{8F72A3F2-672C-4FC4-86D0-B1E4518FE852}.RELEASE_WINAPI|x64.ActiveCfg = Release|Win32
		{8F72A3F2-672C-4FC4-86D0-B1E4518FE852}.Release|Win32.ActiveCfg = Release|Win32
		{8F72A3F2-672C-4FC4-86D0-B1E4518FE852}.Release|Win32.Build.0 = Release|Win32
		{8F72A3F2-672C-4FC4-86D0-B1E4518FE852}.Release|x64.ActiveCfg = Release|Win32
		{94F5A0A0-909E-4BCC-9E4D-F5C63E138DFE}.DEBUG_DYNAMIC_MFC|Win32.ActiveCfg = DEBUG_DYNAMIC_MFC|Win32
		{94F5A0A0-909E-4BCC-9E4D-F5C63E138DFE}.DEBUG_DYNAMIC_MFC|Win32.Build.0 = DEBUG_DYNAMIC_MFC|Win32
		{94F5A0A0-909E-4BCC-9E4D-F5C63E138DFE}.DEBUG_DYNAMIC_MFC|x64.ActiveCfg = DEBUG_DYNAMIC_MFC|Win32
		{94F5A0A0-909E-4BCC-9E4D-F5C63E138DFE}.DEBUG_STATIC_MFC|Win32.ActiveCfg = DEBUG_STATIC_MFC|Win32
		{94F5A0A0-909E-4BCC-9E4D-F5C63E138DFE}.DEBUG_STATIC_MFC|Win32.Build.0 = DEBUG_STATIC_MFC|Win32
		{94F5A0A0-909E-4BCC-9E4D-F5C63E138DFE}.DEBUG_STATIC_MFC|x64.ActiveCfg = DEBUG_STATIC_MFC|Win32
		{94F5A0A0-909E-4BCC-9E4D-F5C63E138DFE}.DEBUG_WINAPI|Win32.ActiveCfg = DEBUG_WINAPI|Win32
		{94F5A0A0-909E-4BCC-9E4D-F5C63E138DFE}.DEBUG_WINAPI|Win32.Build.0 = DEBUG_WINAPI|Win32
		{94F5A0A0-909E-4BCC-9E4D-F5C63E138DFE}.DEBUG_WINAPI|x64.ActiveCfg = DEBUG_WINAPI|Win32
		{94F5A0A0-909E-4BCC-9E4D-F5C63E138DFE}.Debug|Win32.ActiveCfg = Debug|Win32
		{94F5A0A0-909E-4BCC-9E4D-F5C63E138DFE}.Debug|Win32.Build.0 = Debug|Win32
		{94F5A0A0-909E-4BCC-9E4D-F5C63E138DFE}.Debug|x64.ActiveCfg = Debug|Win32
		{94F5A0A0-909E-4BCC-9E4D-F5C63E138DFE}.RELEASE_DYNAMIC_MFC|Win32.ActiveCfg = RELEASE_DYNAMIC_MFC|Win32
		{94F5A0A0-909E-4BCC-9E4D-F5C63E138DFE}.RELEASE_DYNAMIC_MFC|Win32.Build.0 = RELEASE_DYNAMIC_MFC|Win32
		{94F5A0A0-909E-4BCC-9E4D-F5C63E138DFE}.RELEASE_DYNAMIC_MFC|x64.ActiveCfg = RELEASE_DYNAMIC_MFC|Win32
		{94F5A0A0-909E-4BCC-9E4D-F5C63E138DFE}.RELEASE_STATIC_MFC|Win32.ActiveCfg = RELEASE_STATIC_MFC|Win32
		{94F5A0A0-909E-4BCC-9E4D-F5C63E138DFE}.RELEASE_STATIC_MFC|Win32.Build.0 = RELEASE_STATIC_MFC|Win32
		{94F5A0A0-909E-4BCC-9E4D-F5C63E138DFE}.RELEASE_STATIC_MFC|x64.ActiveCfg = RELEASE_STATIC_MFC|Win32
		{94F5A0A0-909E-4BCC-9E4D-F5C63E138DFE}.RELEASE_WINAPI|Win32.ActiveCfg = RELEASE_DYNAMIC_MFC|Win32
		{94F5A0A0-909E-4BCC-9E4D-F5C63E138DFE}.RELEASE_WINAPI|Win32.Build.0 = RELEASE_DYNAMIC_MFC|Win32
		{94F5A0A0-909E-4BCC-9E4D-F5C63E138DFE}.RELEASE_WINAPI|x64.ActiveCfg = RELEASE_DYNAMIC_MFC|Win32
		{94F5A0A0-909E-4BCC-9E4D-F5C63E138DFE}.Release|Win32.ActiveCfg = Release|Win32
		{94F5A0A0-909E-4BCC-9E4D-F5C63E138DFE}.Release|Win32.Build.0 = Release|Win32
		{94F5A0A0-909E-4BCC-9E4D-F5C63E138DFE}.Release|x64.ActiveCfg = Release|Win32
		{7D01BBDC-7EF6-46B6-938A-E35BEC9CCEB5}.DEBUG_DYNAMIC_MFC|Win32.ActiveCfg = Debug|Win32
		{7D01BBDC-7EF6-46B6-938A-E35BEC9CCEB5}.DEBUG_DYNAMIC_MFC|Win32.Build.0 = Debug|Win32
		{7D01BBDC-7EF6-46B6-938A-E35BEC9CCEB5}.DEBUG_DYNAMIC_MFC|x64.ActiveCfg = Debug|Win32
		{7D01BBDC-7EF6-46B6-938A-E35BEC9CCEB5}.DEBUG_STATIC_MFC|Win32.ActiveCfg = Debug|Win32
		{7D01BBDC-7EF6-46B6-938A-E35BEC9CCEB5}.DEBUG_STATIC_MFC|Win32.Build.0 = Debug|Win32
		{7D01BBDC-7EF6-46B6-938A-E35BEC9CCEB5}.DEBUG_STATIC_MFC|x64.ActiveCfg = Debug|Win32
		{7D01BBDC-7EF6-46B6-938A-E35BEC9CCEB5}.DEBUG_WINAPI|Win32.ActiveCfg = Debug|Win32
		{7D01BBDC-7EF6-46B6-938A-E35BEC9CCEB5}.DEBUG_WINAPI|Win32.Build.0 = Debug|Win32
		{7D01BBDC-7EF6-46B6-938A-E35BEC9CCEB5}.DEBUG_WINAPI|x64.ActiveCfg = Debug|Win32
		{7D01BBDC-7EF6-46B6-938A-E35BEC9CCEB5}.Debug|Win32.ActiveCfg = Debug|Win32
		{7D01BBDC-7EF6-46B6-938A-E35BEC9CCEB5}.Debug|Win32.Build.0 = Debug|Win32
		{7D01BBDC-7EF6-46B6-938A-E35BEC9CCEB5}.Debug|x64.ActiveCfg = Debug|Win32
		{7D01BBDC-7EF6-46B6-938A-E35BEC9CCEB5}.RELEASE_DYNAMIC_MFC|Win32.ActiveCfg = Release|Win32
		{7D01BBDC-7EF6-46B6-938A-E35BEC9CCEB5}.RELEASE_DYNAMIC_MFC|Win32.Build.0 = Release|Win32
		{7D01BBDC-7EF6-46B6-938A-E35BEC9CCEB5}.RELEASE_DYNAMIC_MFC|x64.ActiveCfg = Release|Win32
		{7D01BBDC-7EF6-46B6-938A-E35BEC9CCEB5}.RELEASE_STATIC_MFC|Win32.ActiveCfg = Release|Win32
		{7D01BBDC-7EF6-46B6-938A-E35BEC9CCEB5}.RELEASE_STATIC_MFC|Win32.Build.0 = Release|Win32
		{7D01BBDC-7EF6-46B6-938A-E35BEC9CCEB5}.RELEASE_STATIC_MFC|x64.ActiveCfg = Release|Win32
		{7D01BBDC-7EF6-46B6-938A-E35BEC9CCEB5}.RELEASE_WINAPI|Win32.ActiveCfg = Release|Win32
		{7D01BBDC-7EF6-46B6-938A-E35BEC9CCEB5}.RELEASE_WINAPI|Win32.Build.0 = Release|Win32
		{7D01BBDC-7EF6-46B6-938A-E35BEC9CCEB5}.RELEASE_WINAPI|x64.ActiveCfg = Release|Win32
		{7D01BBDC-7EF6-46B6-938A-E35BEC9CCEB5}.Release|Win32.ActiveCfg = Release|Win32
		{7D01BBDC-7EF6-46B6-938A-E35BEC9CCEB5}.Release|Win32.Build.0 = Release|Win32
		{7D01BBDC-7EF6-46B6-938A-E35BEC9CCEB5}.Release|x64.ActiveCfg = Release|Win32
		{F1C71D85-1822-45E5-B0B9-DBE01186AEE3}.DEBUG_DYNAMIC_MFC|Win32.ActiveCfg = DEBUG_WINAPI|Win32
		{F1C71D85-1822-45E5-B0B9-DBE01186AEE3}.DEBUG_DYNAMIC_MFC|Win32.Build.0 = DEBUG_WINAPI|Win32
		{F1C71D85-1822-45E5-B0B9-DBE01186AEE3}.DEBUG_DYNAMIC_MFC|x64.ActiveCfg = DEBUG_WINAPI|Win32
		{F1C71D85-1822-45E5-B0B9-DBE01186AEE3}.DEBUG_STATIC_MFC|Win32.ActiveCfg = DEBUG_WINAPI|Win32
		{F1C71D85-1822-45E5-B0B9-DBE01186AEE3}.DEBUG_STATIC_MFC|Win32.Build.0 = DEBUG_WINAPI|Win32
		{F1C71D85-1822-45E5-B0B9-DBE01186AEE3}.DEBUG_STATIC_MFC|x64.ActiveCfg = DEBUG_WINAPI|Win32
		{F1C71D85-1822-45E5-B0B9-DBE01186AEE3}.DEBUG_WINAPI|Win32.ActiveCfg = DEBUG_WINAPI|Win32
		{F1C71D85-1822-45E5-B0B9-DBE01186AEE3}.DEBUG_WINAPI|Win32.Build.0 = DEBUG_WINAPI|Win32
		{F1C71D85-1822-45E5-B0B9-DBE01186AEE3}.DEBUG_WINAPI|x64.ActiveCfg = DEBUG_WINAPI|Win32
		{F1C71D85-1822-45E5-B0B9-DBE01186AEE3}.Debug|Win32.ActiveCfg = DEBUG_WINAPI|Win32
		{F1C71D85-1822-45E5-B0B9-DBE01186AEE3}.Debug|Win32.Build.0 = DEBUG_WINAPI|Win32
		{F1C71D85-1822-45E5-B0B9-DBE01186AEE3}.Debug|x64.ActiveCfg = DEBUG_WINAPI|Win32
		{F1C71D85-1822-45E5-B0B9-DBE01186AEE3}.RELEASE_DYNAMIC_MFC|Win32.ActiveCfg = Release|Win32
		{F1C71D85-1822-45E5-B0B9-DBE01186AEE3}.RELEASE_DYNAMIC_MFC|Win32.Build.0 = Release|Win32
		{F1C71D85-1822-45E5-B0B9-DBE01186AEE3}.RELEASE_DYNAMIC_MFC|x64.ActiveCfg = Release|Win32
		{F1C71D85-1822-45E5-B0B9-DBE01186AEE3}.RELEASE_STATIC_MFC|Win32.ActiveCfg = Release|Win32
		{F1C71D85-1822-45E5-B0B9-DBE01186AEE3}.RELEASE_STATIC_MFC|Win32.Build.0 = Release|Win32
		{F1C71D85-1822-45E5-B0B9-DBE01186AEE3}.RELEASE_STATIC_MFC|x64.ActiveCfg = Release|Win32
		{F1C71D85-1822-45E5-B0B9-DBE01186AEE3}.RELEASE_WINAPI|Win32.ActiveCfg = Release|Win32
		{F1C71D85-1822-45E5-B0B9-DBE01186AEE3}.RELEASE_WINAPI|Win32.Build.0 = Release|Win32
		{F1C71D85-1822-45E5-B0B9-DBE01186AEE3}.RELEASE_WINAPI|x64.ActiveCfg = Release|Win32
		{F1C71D85-1822-45E5-B0B9-DBE01186AEE3}.Release|Win32.ActiveCfg = Release|Win32
		{F1C71D85-1822-45E5-B0B9-DBE01186AEE3}.Release|Win32.Build.0 = Release|Win32
		{F1C71D85-1822-45E5-B0B9-DBE01186AEE3}.Release|x64.ActiveCfg = Release|Win32
	EndGlobalSection
	GlobalSection(SolutionProperties) = preSolution
		HideSolutionNode = FALSE
	EndGlobalSection
EndGlobal
